// !$*UTF8*$!
{
	archiveVersion = 1;
	classes = {
	};
	objectVersion = 52;
	objects = {

/* Begin PBXBuildFile section */
		8F0181F025C48DF5006B2166 /* AchievementItemView.swift in Sources */ = {isa = PBXBuildFile; fileRef = 8F0181EF25C48DF5006B2166 /* AchievementItemView.swift */; };
		8F01820725C4A7AB006B2166 /* InventroyView.swift in Sources */ = {isa = PBXBuildFile; fileRef = 8F01820625C4A7AB006B2166 /* InventroyView.swift */; };
		8F1A36BC25B715830018E548 /* LoginView.swift in Sources */ = {isa = PBXBuildFile; fileRef = 8F1A36BB25B715830018E548 /* LoginView.swift */; };
		8F1A36C425B750E80018E548 /* LoginViewModel.swift in Sources */ = {isa = PBXBuildFile; fileRef = 8F1A36C325B750E80018E548 /* LoginViewModel.swift */; };
		8F1A36C925B751C00018E548 /* RegistrationViewModel.swift in Sources */ = {isa = PBXBuildFile; fileRef = 8F1A36C825B751C00018E548 /* RegistrationViewModel.swift */; };
		8F1C56F725A09FC100366630 /* AccountSettingsView.swift in Sources */ = {isa = PBXBuildFile; fileRef = 8F1C56F625A09FC100366630 /* AccountSettingsView.swift */; };
		8F2A784525A3D8C5003D4F6D /* ColorScheme + Extension.swift in Sources */ = {isa = PBXBuildFile; fileRef = 8F2A784425A3D8C5003D4F6D /* ColorScheme + Extension.swift */; };
		8F2A784A25A3D921003D4F6D /* ContentSizeCategory + Extension.swift in Sources */ = {isa = PBXBuildFile; fileRef = 8F2A784925A3D921003D4F6D /* ContentSizeCategory + Extension.swift */; };
		8F2A784F25A3D9FA003D4F6D /* ForEach + Extension.swift in Sources */ = {isa = PBXBuildFile; fileRef = 8F2A784E25A3D9FA003D4F6D /* ForEach + Extension.swift */; };
		8F2A785525A3DA67003D4F6D /* ComponentPreview.swift in Sources */ = {isa = PBXBuildFile; fileRef = 8F2A785425A3DA67003D4F6D /* ComponentPreview.swift */; };
		8F2A785D25A3DC15003D4F6D /* ScreenPreview.swift in Sources */ = {isa = PBXBuildFile; fileRef = 8F2A785C25A3DC15003D4F6D /* ScreenPreview.swift */; };
		8F34CCFB25A07A3B0042DEF2 /* ImageSourceButton.swift in Sources */ = {isa = PBXBuildFile; fileRef = 8F34CCFA25A07A3B0042DEF2 /* ImageSourceButton.swift */; };
		8F34CD0625A07C850042DEF2 /* PlantRecordItem.swift in Sources */ = {isa = PBXBuildFile; fileRef = 8F34CD0525A07C850042DEF2 /* PlantRecordItem.swift */; };
		8F3888D5256BBA95002D89CF /* UIImage + Extension.swift in Sources */ = {isa = PBXBuildFile; fileRef = 8F3888D4256BBA95002D89CF /* UIImage + Extension.swift */; };
		8F3B45F725B4D520005982C1 /* SelectionViewModel.swift in Sources */ = {isa = PBXBuildFile; fileRef = 8F3B45F625B4D520005982C1 /* SelectionViewModel.swift */; };
		8F3B460325B5AF54005982C1 /* SwiftKeychainWrapper in Frameworks */ = {isa = PBXBuildFile; productRef = 8F3B460225B5AF54005982C1 /* SwiftKeychainWrapper */; };
		8F3B460825B5B2D3005982C1 /* AuthService.swift in Sources */ = {isa = PBXBuildFile; fileRef = 8F3B460725B5B2D3005982C1 /* AuthService.swift */; };
		8F3C4D2F25C1F53F006CC07C /* HomePlaceholderView.swift in Sources */ = {isa = PBXBuildFile; fileRef = 8F3C4D2E25C1F53F006CC07C /* HomePlaceholderView.swift */; };
		8F3FD34925648DF4003E8BB0 /* View + Extension.swift in Sources */ = {isa = PBXBuildFile; fileRef = 8F3FD34825648DF4003E8BB0 /* View + Extension.swift */; };
		8F3FD34E256523A2003E8BB0 /* CameraView.swift in Sources */ = {isa = PBXBuildFile; fileRef = 8F3FD34D256523A2003E8BB0 /* CameraView.swift */; };
		8F4850D525C208A900867664 /* RankingRowView.swift in Sources */ = {isa = PBXBuildFile; fileRef = 8F4850D425C208A900867664 /* RankingRowView.swift */; };
		8F4850DE25C20C2B00867664 /* CirculaLoadingButton.swift in Sources */ = {isa = PBXBuildFile; fileRef = 8F4850DD25C20C2B00867664 /* CirculaLoadingButton.swift */; };
		8F4B8AF6257E3B7F0003CDD7 /* ChallangeRow.swift in Sources */ = {isa = PBXBuildFile; fileRef = 8F4B8AF5257E3B7F0003CDD7 /* ChallangeRow.swift */; };
		8F4CA3A1256A9B37002ABFCA /* ImageSelectionView.swift in Sources */ = {isa = PBXBuildFile; fileRef = 8F4CA3A0256A9B37002ABFCA /* ImageSelectionView.swift */; };
		8F4CFAF225C720AA005B7670 /* ScoreView.swift in Sources */ = {isa = PBXBuildFile; fileRef = 8F4CFAF125C720AA005B7670 /* ScoreView.swift */; };
		8F4CFAF725C82178005B7670 /* MissionTargetViewModel.swift in Sources */ = {isa = PBXBuildFile; fileRef = 8F4CFAF625C82178005B7670 /* MissionTargetViewModel.swift */; };
		8F4CFAFF25C83ED5005B7670 /* MissionTargetCompleteView.swift in Sources */ = {isa = PBXBuildFile; fileRef = 8F4CFAFE25C83ED5005B7670 /* MissionTargetCompleteView.swift */; };
		8F4EA6A425C389F900BA1577 /* AvatarView.swift in Sources */ = {isa = PBXBuildFile; fileRef = 8F4EA6A325C389F900BA1577 /* AvatarView.swift */; };
		8F511D1725A06EB900B5F36C /* InfoCard.swift in Sources */ = {isa = PBXBuildFile; fileRef = 8F511D1625A06EB900B5F36C /* InfoCard.swift */; };
		8F5C22DB259FD96E0080FE03 /* DashboardItem.swift in Sources */ = {isa = PBXBuildFile; fileRef = 8F5C22DA259FD96E0080FE03 /* DashboardItem.swift */; };
		8F5E2AA325AD1C8600B6C402 /* PlantViewModel.swift in Sources */ = {isa = PBXBuildFile; fileRef = 8F5E2AA225AD1C8600B6C402 /* PlantViewModel.swift */; };
		8F5E2AA825AD24CE00B6C402 /* ImageLoader.swift in Sources */ = {isa = PBXBuildFile; fileRef = 8F5E2AA725AD24CE00B6C402 /* ImageLoader.swift */; };
		8F5E2AAD25AE0BBE00B6C402 /* PlantiNetViewModel.swift in Sources */ = {isa = PBXBuildFile; fileRef = 8F5E2AAC25AE0BBE00B6C402 /* PlantiNetViewModel.swift */; };
		8F5E2AB825AE142500B6C402 /* SelectionContentView.swift in Sources */ = {isa = PBXBuildFile; fileRef = 8F5E2AB725AE142500B6C402 /* SelectionContentView.swift */; };
		8F62A7F425A4818B0003D0D1 /* CircularProgressView.swift in Sources */ = {isa = PBXBuildFile; fileRef = 8F62A7F325A4818B0003D0D1 /* CircularProgressView.swift */; };
		8F62C67125C701BD004354FF /* MissionTargetCheckView.swift in Sources */ = {isa = PBXBuildFile; fileRef = 8F62C67025C701BD004354FF /* MissionTargetCheckView.swift */; };
		8F62C67925C7086E004354FF /* MissionActiveItemView.swift in Sources */ = {isa = PBXBuildFile; fileRef = 8F62C67825C7086E004354FF /* MissionActiveItemView.swift */; };
		8F69ABE92576A37000EC0B13 /* URL + Extension.swift in Sources */ = {isa = PBXBuildFile; fileRef = 8F69ABE82576A37000EC0B13 /* URL + Extension.swift */; };
		8F6A7AF125BF989900622F2D /* KeyVisualView.swift in Sources */ = {isa = PBXBuildFile; fileRef = 8F6A7AF025BF989900622F2D /* KeyVisualView.swift */; };
		8F6A7AFA25BFA50E00622F2D /* RankingService.swift in Sources */ = {isa = PBXBuildFile; fileRef = 8F6A7AF925BFA50E00622F2D /* RankingService.swift */; };
		8F6A7B0725BFAA4000622F2D /* RankingView.swift in Sources */ = {isa = PBXBuildFile; fileRef = 8F6A7B0625BFAA4000622F2D /* RankingView.swift */; };
		8F6A7B0D25BFAAB200622F2D /* RankingViewModel.swift in Sources */ = {isa = PBXBuildFile; fileRef = 8F6A7B0C25BFAAB200622F2D /* RankingViewModel.swift */; };
		8F6A7B1225C0644800622F2D /* ObservationService.swift in Sources */ = {isa = PBXBuildFile; fileRef = 8F6A7B1125C0644800622F2D /* ObservationService.swift */; };
		8F6A7B1725C0848700622F2D /* PlantiIndicatorView.swift in Sources */ = {isa = PBXBuildFile; fileRef = 8F6A7B1625C0848700622F2D /* PlantiIndicatorView.swift */; };
		8F6A7B1C25C087B800622F2D /* ObservationViewModel.swift in Sources */ = {isa = PBXBuildFile; fileRef = 8F6A7B1B25C087B800622F2D /* ObservationViewModel.swift */; };
		8F6A7B2125C0D44500622F2D /* ProfileService.swift in Sources */ = {isa = PBXBuildFile; fileRef = 8F6A7B2025C0D44500622F2D /* ProfileService.swift */; };
		8F6A7B2625C1A1E700622F2D /* PlantDescriptionView.swift in Sources */ = {isa = PBXBuildFile; fileRef = 8F6A7B2525C1A1E700622F2D /* PlantDescriptionView.swift */; };
		8F6A7B3125C1A80A00622F2D /* BlurView.swift in Sources */ = {isa = PBXBuildFile; fileRef = 8F6A7B3025C1A80A00622F2D /* BlurView.swift */; };
		8F6A7B3625C1A86000622F2D /* Text + Extension.swift in Sources */ = {isa = PBXBuildFile; fileRef = 8F6A7B3525C1A86000622F2D /* Text + Extension.swift */; };
		8F6A7B3B25C1AAA100622F2D /* PlantTextContentView.swift in Sources */ = {isa = PBXBuildFile; fileRef = 8F6A7B3A25C1AAA100622F2D /* PlantTextContentView.swift */; };
		8F6B5E0E25A897E7001902FB /* PlantView.swift in Sources */ = {isa = PBXBuildFile; fileRef = 8F6B5E0D25A897E7001902FB /* PlantView.swift */; };
		8F78ECC625C21DA1004F1D49 /* PlantDetector.mlmodel in Sources */ = {isa = PBXBuildFile; fileRef = 8F78ECC525C21DA1004F1D49 /* PlantDetector.mlmodel */; };
		8F78ECCF25C23079004F1D49 /* InvalidPredictionView.swift in Sources */ = {isa = PBXBuildFile; fileRef = 8F78ECCE25C23079004F1D49 /* InvalidPredictionView.swift */; };
		8F78ECD725C233E8004F1D49 /* CancelButton.swift in Sources */ = {isa = PBXBuildFile; fileRef = 8F78ECD625C233E8004F1D49 /* CancelButton.swift */; };
		8F78ECE825C37581004F1D49 /* AvatarViewModel.swift in Sources */ = {isa = PBXBuildFile; fileRef = 8F78ECE725C37581004F1D49 /* AvatarViewModel.swift */; };
		8F7ACAB7259FF1E50002146E /* SettingsView.swift in Sources */ = {isa = PBXBuildFile; fileRef = 8F7ACAB6259FF1E50002146E /* SettingsView.swift */; };
		8F81BCE0257D5BBC007BA2C2 /* RootView.swift in Sources */ = {isa = PBXBuildFile; fileRef = 8F81BCDF257D5BBC007BA2C2 /* RootView.swift */; };
		8F89A3FF258288A400197DBD /* ClassificationService.swift in Sources */ = {isa = PBXBuildFile; fileRef = 8F89A3FE258288A400197DBD /* ClassificationService.swift */; };
		8F89A40425837EE700197DBD /* PredictionView.swift in Sources */ = {isa = PBXBuildFile; fileRef = 8F89A40325837EE700197DBD /* PredictionView.swift */; };
		8F8FE92925C485C000EE81E2 /* AvatarHeaderView.swift in Sources */ = {isa = PBXBuildFile; fileRef = 8F8FE92825C485C000EE81E2 /* AvatarHeaderView.swift */; };
		8F8FE92E25C4873400EE81E2 /* AvatarKeyVisual.swift in Sources */ = {isa = PBXBuildFile; fileRef = 8F8FE92D25C4873400EE81E2 /* AvatarKeyVisual.swift */; };
		8F94D3F025C4C042008B532C /* InventoryViewModel.swift in Sources */ = {isa = PBXBuildFile; fileRef = 8F94D3EF25C4C042008B532C /* InventoryViewModel.swift */; };
		8F94D3F525C4C4D8008B532C /* InventoryItemView.swift in Sources */ = {isa = PBXBuildFile; fileRef = 8F94D3F425C4C4D8008B532C /* InventoryItemView.swift */; };
		8F94D40925C5DF70008B532C /* MissionViewModel.swift in Sources */ = {isa = PBXBuildFile; fileRef = 8F94D40825C5DF70008B532C /* MissionViewModel.swift */; };
		8F94D41125C5E359008B532C /* MissionContentView.swift in Sources */ = {isa = PBXBuildFile; fileRef = 8F94D41025C5E359008B532C /* MissionContentView.swift */; };
		8F94D41625C5EA56008B532C /* MissionEmptyView.swift in Sources */ = {isa = PBXBuildFile; fileRef = 8F94D41525C5EA56008B532C /* MissionEmptyView.swift */; };
		8F94D41B25C5F1DB008B532C /* MissionInactiveItemView.swift in Sources */ = {isa = PBXBuildFile; fileRef = 8F94D41A25C5F1DB008B532C /* MissionInactiveItemView.swift */; };
		8F94D42625C6E666008B532C /* MissionDetailView.swift in Sources */ = {isa = PBXBuildFile; fileRef = 8F94D42525C6E666008B532C /* MissionDetailView.swift */; };
		8F94D43625C6FC56008B532C /* ProfileModels.swift in Sources */ = {isa = PBXBuildFile; fileRef = 8F94D43525C6FC56008B532C /* ProfileModels.swift */; };
		8F94D43B25C6FEC2008B532C /* MissionDetailViewModel.swift in Sources */ = {isa = PBXBuildFile; fileRef = 8F94D43A25C6FEC2008B532C /* MissionDetailViewModel.swift */; };
		8FA4D5762576838D006869EA /* SelectionView.swift in Sources */ = {isa = PBXBuildFile; fileRef = 8FA4D5752576838D006869EA /* SelectionView.swift */; };
		8FA8EF5525DEB5FA00B7867A /* HomeOnboardingView.swift in Sources */ = {isa = PBXBuildFile; fileRef = 8FA8EF5425DEB5FA00B7867A /* HomeOnboardingView.swift */; };
		8FA8EF5D25DEB72D00B7867A /* OnboardingItemView.swift in Sources */ = {isa = PBXBuildFile; fileRef = 8FA8EF5C25DEB72D00B7867A /* OnboardingItemView.swift */; };
		8FAA519D25A07DC500B9FFBA /* FloatingButton.swift in Sources */ = {isa = PBXBuildFile; fileRef = 8FAA519C25A07DC500B9FFBA /* FloatingButton.swift */; };
		8FAA51A225A0807700B9FFBA /* PlantOverview.swift in Sources */ = {isa = PBXBuildFile; fileRef = 8FAA51A125A0807700B9FFBA /* PlantOverview.swift */; };
		8FAB8E8425BF64B200A9FA18 /* RegisterFigureView.swift in Sources */ = {isa = PBXBuildFile; fileRef = 8FAB8E8325BF64B200A9FA18 /* RegisterFigureView.swift */; };
		8FAB8E8C25BF68D000A9FA18 /* LargeButton.swift in Sources */ = {isa = PBXBuildFile; fileRef = 8FAB8E8B25BF68D000A9FA18 /* LargeButton.swift */; };
		8FB4775025E105FB0037CD52 /* Kingfisher in Frameworks */ = {isa = PBXBuildFile; productRef = 8FB4774F25E105FB0037CD52 /* Kingfisher */; };
		8FB6E37F259D403900221EA0 /* SearchBar.swift in Sources */ = {isa = PBXBuildFile; fileRef = 8FB6E37E259D403900221EA0 /* SearchBar.swift */; };
		8FBBDD9E2547221A0054FCED /* PlantiApp.swift in Sources */ = {isa = PBXBuildFile; fileRef = 8FBBDD9D2547221A0054FCED /* PlantiApp.swift */; };
		8FBBDDA02547221A0054FCED /* ContentView.swift in Sources */ = {isa = PBXBuildFile; fileRef = 8FBBDD9F2547221A0054FCED /* ContentView.swift */; };
		8FBBDDA22547221E0054FCED /* Assets.xcassets in Resources */ = {isa = PBXBuildFile; fileRef = 8FBBDDA12547221E0054FCED /* Assets.xcassets */; };
		8FBBDDA52547221E0054FCED /* Preview Assets.xcassets in Resources */ = {isa = PBXBuildFile; fileRef = 8FBBDDA42547221E0054FCED /* Preview Assets.xcassets */; };
		8FBBDDA72547221E0054FCED /* Persistence.swift in Sources */ = {isa = PBXBuildFile; fileRef = 8FBBDDA62547221E0054FCED /* Persistence.swift */; };
		8FBBDDAA2547221E0054FCED /* Planti.xcdatamodeld in Sources */ = {isa = PBXBuildFile; fileRef = 8FBBDDA82547221E0054FCED /* Planti.xcdatamodeld */; };
		8FBBDDB52547221E0054FCED /* PlantiTests.swift in Sources */ = {isa = PBXBuildFile; fileRef = 8FBBDDB42547221E0054FCED /* PlantiTests.swift */; };
		8FBBDDC02547221E0054FCED /* PlantiUITests.swift in Sources */ = {isa = PBXBuildFile; fileRef = 8FBBDDBF2547221E0054FCED /* PlantiUITests.swift */; };
		8FBEBD44257E0D340062C789 /* DashboardView.swift in Sources */ = {isa = PBXBuildFile; fileRef = 8FBEBD43257E0D340062C789 /* DashboardView.swift */; };
		8FBEBD4D257E15850062C789 /* BarView.swift in Sources */ = {isa = PBXBuildFile; fileRef = 8FBEBD4C257E15850062C789 /* BarView.swift */; };
		8FBEBD66257E23580062C789 /* InfoRow.swift in Sources */ = {isa = PBXBuildFile; fileRef = 8FBEBD65257E23580062C789 /* InfoRow.swift */; };
		8FC344F925A3B3E600EFB0F1 /* MissionView.swift in Sources */ = {isa = PBXBuildFile; fileRef = 8FC344F825A3B3E600EFB0F1 /* MissionView.swift */; };
		8FC80C9825AD12C400E77D70 /* NumberFormater + Extension.swift in Sources */ = {isa = PBXBuildFile; fileRef = 8FC80C9725AD12C400E77D70 /* NumberFormater + Extension.swift */; };
		8FD2406F25A0759300A4FCCD /* ImagePreview.swift in Sources */ = {isa = PBXBuildFile; fileRef = 8FD2406E25A0759300A4FCCD /* ImagePreview.swift */; };
		8FDAAA3525648719006C6FAA /* ImagePickerView.swift in Sources */ = {isa = PBXBuildFile; fileRef = 8FDAAA3425648719006C6FAA /* ImagePickerView.swift */; };
		8FDAAA3D25648A3A006C6FAA /* Color + Extension.swift in Sources */ = {isa = PBXBuildFile; fileRef = 8FDAAA3C25648A3A006C6FAA /* Color + Extension.swift */; };
		8FDAAA4225648AA0006C6FAA /* TestView.swift in Sources */ = {isa = PBXBuildFile; fileRef = 8FDAAA4125648AA0006C6FAA /* TestView.swift */; };
		8FDE3BE025B861EC00A7E8FB /* WaterfallGrid in Frameworks */ = {isa = PBXBuildFile; productRef = 8FDE3BDF25B861EC00A7E8FB /* WaterfallGrid */; };
		8FDE3BF425B8C94D00A7E8FB /* LocationManager.swift in Sources */ = {isa = PBXBuildFile; fileRef = 8FDE3BF325B8C94D00A7E8FB /* LocationManager.swift */; };
		8FE83C9E25653E0D006E1208 /* MobileNetV2.mlmodel in Sources */ = {isa = PBXBuildFile; fileRef = 8FE83C9D25653E0D006E1208 /* MobileNetV2.mlmodel */; };
		8FE83CA3256548FC006E1208 /* CameraLiveView.swift in Sources */ = {isa = PBXBuildFile; fileRef = 8FE83CA2256548FC006E1208 /* CameraLiveView.swift */; };
		8FEDC5C825AE72B10052908A /* PlantOverviewViewModel.swift in Sources */ = {isa = PBXBuildFile; fileRef = 8FEDC5C725AE72B10052908A /* PlantOverviewViewModel.swift */; };
		8FEDC5D025AE74120052908A /* PlantService.swift in Sources */ = {isa = PBXBuildFile; fileRef = 8FEDC5CF25AE74120052908A /* PlantService.swift */; };
		8FFEB027257E9EA80024AF56 /* SelectionDashboardView.swift in Sources */ = {isa = PBXBuildFile; fileRef = 8FFEB026257E9EA80024AF56 /* SelectionDashboardView.swift */; };
		8FFFA6FC257ABFC100EA3C01 /* AuthViewModel.swift in Sources */ = {isa = PBXBuildFile; fileRef = 8FFFA6FB257ABFC100EA3C01 /* AuthViewModel.swift */; };
		8FFFA702257BB54600EA3C01 /* AuthView.swift in Sources */ = {isa = PBXBuildFile; fileRef = 8FFFA701257BB54600EA3C01 /* AuthView.swift */; };
		8FFFA70A257BB69400EA3C01 /* Button + Extension.swift in Sources */ = {isa = PBXBuildFile; fileRef = 8FFFA709257BB69400EA3C01 /* Button + Extension.swift */; };
		8FFFA70F257BD56400EA3C01 /* RegisterView.swift in Sources */ = {isa = PBXBuildFile; fileRef = 8FFFA70E257BD56400EA3C01 /* RegisterView.swift */; };
		8FFFA723257BEAC900EA3C01 /* UserViewModel.swift in Sources */ = {isa = PBXBuildFile; fileRef = 8FFFA722257BEAC900EA3C01 /* UserViewModel.swift */; };
		8FFFA72B257BF0E900EA3C01 /* HomeView.swift in Sources */ = {isa = PBXBuildFile; fileRef = 8FFFA72A257BF0E900EA3C01 /* HomeView.swift */; };
		8FFFA73F257D309700EA3C01 /* PlantRow.swift in Sources */ = {isa = PBXBuildFile; fileRef = 8FFFA73E257D309700EA3C01 /* PlantRow.swift */; };
/* End PBXBuildFile section */

/* Begin PBXContainerItemProxy section */
		8FBBDDB12547221E0054FCED /* PBXContainerItemProxy */ = {
			isa = PBXContainerItemProxy;
			containerPortal = 8FBBDD922547221A0054FCED /* Project object */;
			proxyType = 1;
			remoteGlobalIDString = 8FBBDD992547221A0054FCED;
			remoteInfo = Planti;
		};
		8FBBDDBC2547221E0054FCED /* PBXContainerItemProxy */ = {
			isa = PBXContainerItemProxy;
			containerPortal = 8FBBDD922547221A0054FCED /* Project object */;
			proxyType = 1;
			remoteGlobalIDString = 8FBBDD992547221A0054FCED;
			remoteInfo = Planti;
		};
/* End PBXContainerItemProxy section */

/* Begin PBXFileReference section */
		8F0181EF25C48DF5006B2166 /* AchievementItemView.swift */ = {isa = PBXFileReference; lastKnownFileType = sourcecode.swift; path = AchievementItemView.swift; sourceTree = "<group>"; };
		8F01820625C4A7AB006B2166 /* InventroyView.swift */ = {isa = PBXFileReference; lastKnownFileType = sourcecode.swift; path = InventroyView.swift; sourceTree = "<group>"; };
		8F1A36BB25B715830018E548 /* LoginView.swift */ = {isa = PBXFileReference; lastKnownFileType = sourcecode.swift; path = LoginView.swift; sourceTree = "<group>"; };
		8F1A36C325B750E80018E548 /* LoginViewModel.swift */ = {isa = PBXFileReference; lastKnownFileType = sourcecode.swift; path = LoginViewModel.swift; sourceTree = "<group>"; };
		8F1A36C825B751C00018E548 /* RegistrationViewModel.swift */ = {isa = PBXFileReference; lastKnownFileType = sourcecode.swift; path = RegistrationViewModel.swift; sourceTree = "<group>"; };
		8F1C56F625A09FC100366630 /* AccountSettingsView.swift */ = {isa = PBXFileReference; lastKnownFileType = sourcecode.swift; path = AccountSettingsView.swift; sourceTree = "<group>"; };
		8F2A784425A3D8C5003D4F6D /* ColorScheme + Extension.swift */ = {isa = PBXFileReference; lastKnownFileType = sourcecode.swift; path = "ColorScheme + Extension.swift"; sourceTree = "<group>"; };
		8F2A784925A3D921003D4F6D /* ContentSizeCategory + Extension.swift */ = {isa = PBXFileReference; lastKnownFileType = sourcecode.swift; path = "ContentSizeCategory + Extension.swift"; sourceTree = "<group>"; };
		8F2A784E25A3D9FA003D4F6D /* ForEach + Extension.swift */ = {isa = PBXFileReference; lastKnownFileType = sourcecode.swift; path = "ForEach + Extension.swift"; sourceTree = "<group>"; };
		8F2A785425A3DA67003D4F6D /* ComponentPreview.swift */ = {isa = PBXFileReference; lastKnownFileType = sourcecode.swift; path = ComponentPreview.swift; sourceTree = "<group>"; };
		8F2A785C25A3DC15003D4F6D /* ScreenPreview.swift */ = {isa = PBXFileReference; lastKnownFileType = sourcecode.swift; path = ScreenPreview.swift; sourceTree = "<group>"; };
		8F34CCFA25A07A3B0042DEF2 /* ImageSourceButton.swift */ = {isa = PBXFileReference; lastKnownFileType = sourcecode.swift; path = ImageSourceButton.swift; sourceTree = "<group>"; };
		8F34CD0525A07C850042DEF2 /* PlantRecordItem.swift */ = {isa = PBXFileReference; lastKnownFileType = sourcecode.swift; path = PlantRecordItem.swift; sourceTree = "<group>"; };
		8F3888D4256BBA95002D89CF /* UIImage + Extension.swift */ = {isa = PBXFileReference; lastKnownFileType = sourcecode.swift; path = "UIImage + Extension.swift"; sourceTree = "<group>"; };
		8F3B45F625B4D520005982C1 /* SelectionViewModel.swift */ = {isa = PBXFileReference; lastKnownFileType = sourcecode.swift; path = SelectionViewModel.swift; sourceTree = "<group>"; };
		8F3B460725B5B2D3005982C1 /* AuthService.swift */ = {isa = PBXFileReference; lastKnownFileType = sourcecode.swift; path = AuthService.swift; sourceTree = "<group>"; };
		8F3C4D2E25C1F53F006CC07C /* HomePlaceholderView.swift */ = {isa = PBXFileReference; lastKnownFileType = sourcecode.swift; path = HomePlaceholderView.swift; sourceTree = "<group>"; };
		8F3FD34825648DF4003E8BB0 /* View + Extension.swift */ = {isa = PBXFileReference; lastKnownFileType = sourcecode.swift; path = "View + Extension.swift"; sourceTree = "<group>"; };
		8F3FD34D256523A2003E8BB0 /* CameraView.swift */ = {isa = PBXFileReference; lastKnownFileType = sourcecode.swift; path = CameraView.swift; sourceTree = "<group>"; };
		8F4850D425C208A900867664 /* RankingRowView.swift */ = {isa = PBXFileReference; lastKnownFileType = sourcecode.swift; path = RankingRowView.swift; sourceTree = "<group>"; };
		8F4850DD25C20C2B00867664 /* CirculaLoadingButton.swift */ = {isa = PBXFileReference; lastKnownFileType = sourcecode.swift; path = CirculaLoadingButton.swift; sourceTree = "<group>"; };
		8F4B8AF5257E3B7F0003CDD7 /* ChallangeRow.swift */ = {isa = PBXFileReference; lastKnownFileType = sourcecode.swift; path = ChallangeRow.swift; sourceTree = "<group>"; };
		8F4CA3A0256A9B37002ABFCA /* ImageSelectionView.swift */ = {isa = PBXFileReference; lastKnownFileType = sourcecode.swift; path = ImageSelectionView.swift; sourceTree = "<group>"; };
		8F4CFAF125C720AA005B7670 /* ScoreView.swift */ = {isa = PBXFileReference; lastKnownFileType = sourcecode.swift; path = ScoreView.swift; sourceTree = "<group>"; };
		8F4CFAF625C82178005B7670 /* MissionTargetViewModel.swift */ = {isa = PBXFileReference; lastKnownFileType = sourcecode.swift; path = MissionTargetViewModel.swift; sourceTree = "<group>"; };
		8F4CFAFE25C83ED5005B7670 /* MissionTargetCompleteView.swift */ = {isa = PBXFileReference; lastKnownFileType = sourcecode.swift; path = MissionTargetCompleteView.swift; sourceTree = "<group>"; };
		8F4EA6A325C389F900BA1577 /* AvatarView.swift */ = {isa = PBXFileReference; lastKnownFileType = sourcecode.swift; path = AvatarView.swift; sourceTree = "<group>"; };
		8F511D1625A06EB900B5F36C /* InfoCard.swift */ = {isa = PBXFileReference; lastKnownFileType = sourcecode.swift; path = InfoCard.swift; sourceTree = "<group>"; };
		8F5C22DA259FD96E0080FE03 /* DashboardItem.swift */ = {isa = PBXFileReference; lastKnownFileType = sourcecode.swift; path = DashboardItem.swift; sourceTree = "<group>"; };
		8F5E2AA225AD1C8600B6C402 /* PlantViewModel.swift */ = {isa = PBXFileReference; lastKnownFileType = sourcecode.swift; path = PlantViewModel.swift; sourceTree = "<group>"; };
		8F5E2AA725AD24CE00B6C402 /* ImageLoader.swift */ = {isa = PBXFileReference; lastKnownFileType = sourcecode.swift; path = ImageLoader.swift; sourceTree = "<group>"; };
		8F5E2AAC25AE0BBE00B6C402 /* PlantiNetViewModel.swift */ = {isa = PBXFileReference; lastKnownFileType = sourcecode.swift; path = PlantiNetViewModel.swift; sourceTree = "<group>"; };
		8F5E2AB725AE142500B6C402 /* SelectionContentView.swift */ = {isa = PBXFileReference; lastKnownFileType = sourcecode.swift; path = SelectionContentView.swift; sourceTree = "<group>"; };
		8F62A7F325A4818B0003D0D1 /* CircularProgressView.swift */ = {isa = PBXFileReference; lastKnownFileType = sourcecode.swift; path = CircularProgressView.swift; sourceTree = "<group>"; };
		8F62C67025C701BD004354FF /* MissionTargetCheckView.swift */ = {isa = PBXFileReference; lastKnownFileType = sourcecode.swift; path = MissionTargetCheckView.swift; sourceTree = "<group>"; };
		8F62C67825C7086E004354FF /* MissionActiveItemView.swift */ = {isa = PBXFileReference; lastKnownFileType = sourcecode.swift; path = MissionActiveItemView.swift; sourceTree = "<group>"; };
		8F69ABE82576A37000EC0B13 /* URL + Extension.swift */ = {isa = PBXFileReference; lastKnownFileType = sourcecode.swift; path = "URL + Extension.swift"; sourceTree = "<group>"; };
		8F6A7AF025BF989900622F2D /* KeyVisualView.swift */ = {isa = PBXFileReference; lastKnownFileType = sourcecode.swift; path = KeyVisualView.swift; sourceTree = "<group>"; };
		8F6A7AF925BFA50E00622F2D /* RankingService.swift */ = {isa = PBXFileReference; lastKnownFileType = sourcecode.swift; path = RankingService.swift; sourceTree = "<group>"; };
		8F6A7B0625BFAA4000622F2D /* RankingView.swift */ = {isa = PBXFileReference; lastKnownFileType = sourcecode.swift; path = RankingView.swift; sourceTree = "<group>"; };
		8F6A7B0C25BFAAB200622F2D /* RankingViewModel.swift */ = {isa = PBXFileReference; lastKnownFileType = sourcecode.swift; path = RankingViewModel.swift; sourceTree = "<group>"; };
		8F6A7B1125C0644800622F2D /* ObservationService.swift */ = {isa = PBXFileReference; lastKnownFileType = sourcecode.swift; path = ObservationService.swift; sourceTree = "<group>"; };
		8F6A7B1625C0848700622F2D /* PlantiIndicatorView.swift */ = {isa = PBXFileReference; lastKnownFileType = sourcecode.swift; path = PlantiIndicatorView.swift; sourceTree = "<group>"; };
		8F6A7B1B25C087B800622F2D /* ObservationViewModel.swift */ = {isa = PBXFileReference; lastKnownFileType = sourcecode.swift; path = ObservationViewModel.swift; sourceTree = "<group>"; };
		8F6A7B2025C0D44500622F2D /* ProfileService.swift */ = {isa = PBXFileReference; lastKnownFileType = sourcecode.swift; path = ProfileService.swift; sourceTree = "<group>"; };
		8F6A7B2525C1A1E700622F2D /* PlantDescriptionView.swift */ = {isa = PBXFileReference; lastKnownFileType = sourcecode.swift; path = PlantDescriptionView.swift; sourceTree = "<group>"; };
		8F6A7B3025C1A80A00622F2D /* BlurView.swift */ = {isa = PBXFileReference; lastKnownFileType = sourcecode.swift; path = BlurView.swift; sourceTree = "<group>"; };
		8F6A7B3525C1A86000622F2D /* Text + Extension.swift */ = {isa = PBXFileReference; lastKnownFileType = sourcecode.swift; path = "Text + Extension.swift"; sourceTree = "<group>"; };
		8F6A7B3A25C1AAA100622F2D /* PlantTextContentView.swift */ = {isa = PBXFileReference; lastKnownFileType = sourcecode.swift; path = PlantTextContentView.swift; sourceTree = "<group>"; };
		8F6B5E0D25A897E7001902FB /* PlantView.swift */ = {isa = PBXFileReference; lastKnownFileType = sourcecode.swift; path = PlantView.swift; sourceTree = "<group>"; };
		8F78ECC525C21DA1004F1D49 /* PlantDetector.mlmodel */ = {isa = PBXFileReference; lastKnownFileType = file.mlmodel; path = PlantDetector.mlmodel; sourceTree = "<group>"; };
		8F78ECCE25C23079004F1D49 /* InvalidPredictionView.swift */ = {isa = PBXFileReference; lastKnownFileType = sourcecode.swift; path = InvalidPredictionView.swift; sourceTree = "<group>"; };
		8F78ECD625C233E8004F1D49 /* CancelButton.swift */ = {isa = PBXFileReference; lastKnownFileType = sourcecode.swift; path = CancelButton.swift; sourceTree = "<group>"; };
		8F78ECE725C37581004F1D49 /* AvatarViewModel.swift */ = {isa = PBXFileReference; lastKnownFileType = sourcecode.swift; path = AvatarViewModel.swift; sourceTree = "<group>"; };
		8F7ACAB6259FF1E50002146E /* SettingsView.swift */ = {isa = PBXFileReference; lastKnownFileType = sourcecode.swift; path = SettingsView.swift; sourceTree = "<group>"; };
		8F81BCDF257D5BBC007BA2C2 /* RootView.swift */ = {isa = PBXFileReference; lastKnownFileType = sourcecode.swift; path = RootView.swift; sourceTree = "<group>"; };
		8F89A3FE258288A400197DBD /* ClassificationService.swift */ = {isa = PBXFileReference; lastKnownFileType = sourcecode.swift; path = ClassificationService.swift; sourceTree = "<group>"; };
		8F89A40325837EE700197DBD /* PredictionView.swift */ = {isa = PBXFileReference; lastKnownFileType = sourcecode.swift; path = PredictionView.swift; sourceTree = "<group>"; };
		8F8FE92825C485C000EE81E2 /* AvatarHeaderView.swift */ = {isa = PBXFileReference; lastKnownFileType = sourcecode.swift; path = AvatarHeaderView.swift; sourceTree = "<group>"; };
		8F8FE92D25C4873400EE81E2 /* AvatarKeyVisual.swift */ = {isa = PBXFileReference; lastKnownFileType = sourcecode.swift; path = AvatarKeyVisual.swift; sourceTree = "<group>"; };
		8F94D3EF25C4C042008B532C /* InventoryViewModel.swift */ = {isa = PBXFileReference; lastKnownFileType = sourcecode.swift; path = InventoryViewModel.swift; sourceTree = "<group>"; };
		8F94D3F425C4C4D8008B532C /* InventoryItemView.swift */ = {isa = PBXFileReference; lastKnownFileType = sourcecode.swift; path = InventoryItemView.swift; sourceTree = "<group>"; };
		8F94D40825C5DF70008B532C /* MissionViewModel.swift */ = {isa = PBXFileReference; lastKnownFileType = sourcecode.swift; path = MissionViewModel.swift; sourceTree = "<group>"; };
		8F94D41025C5E359008B532C /* MissionContentView.swift */ = {isa = PBXFileReference; lastKnownFileType = sourcecode.swift; path = MissionContentView.swift; sourceTree = "<group>"; };
		8F94D41525C5EA56008B532C /* MissionEmptyView.swift */ = {isa = PBXFileReference; lastKnownFileType = sourcecode.swift; path = MissionEmptyView.swift; sourceTree = "<group>"; };
		8F94D41A25C5F1DB008B532C /* MissionInactiveItemView.swift */ = {isa = PBXFileReference; lastKnownFileType = sourcecode.swift; path = MissionInactiveItemView.swift; sourceTree = "<group>"; };
		8F94D42525C6E666008B532C /* MissionDetailView.swift */ = {isa = PBXFileReference; lastKnownFileType = sourcecode.swift; path = MissionDetailView.swift; sourceTree = "<group>"; };
		8F94D43525C6FC56008B532C /* ProfileModels.swift */ = {isa = PBXFileReference; lastKnownFileType = sourcecode.swift; path = ProfileModels.swift; sourceTree = "<group>"; };
		8F94D43A25C6FEC2008B532C /* MissionDetailViewModel.swift */ = {isa = PBXFileReference; lastKnownFileType = sourcecode.swift; path = MissionDetailViewModel.swift; sourceTree = "<group>"; };
		8FA4D5752576838D006869EA /* SelectionView.swift */ = {isa = PBXFileReference; lastKnownFileType = sourcecode.swift; path = SelectionView.swift; sourceTree = "<group>"; };
		8FA8EF5425DEB5FA00B7867A /* HomeOnboardingView.swift */ = {isa = PBXFileReference; lastKnownFileType = sourcecode.swift; path = HomeOnboardingView.swift; sourceTree = "<group>"; };
		8FA8EF5C25DEB72D00B7867A /* OnboardingItemView.swift */ = {isa = PBXFileReference; lastKnownFileType = sourcecode.swift; path = OnboardingItemView.swift; sourceTree = "<group>"; };
		8FAA519C25A07DC500B9FFBA /* FloatingButton.swift */ = {isa = PBXFileReference; lastKnownFileType = sourcecode.swift; path = FloatingButton.swift; sourceTree = "<group>"; };
		8FAA51A125A0807700B9FFBA /* PlantOverview.swift */ = {isa = PBXFileReference; lastKnownFileType = sourcecode.swift; path = PlantOverview.swift; sourceTree = "<group>"; };
		8FAB8E8325BF64B200A9FA18 /* RegisterFigureView.swift */ = {isa = PBXFileReference; lastKnownFileType = sourcecode.swift; path = RegisterFigureView.swift; sourceTree = "<group>"; };
		8FAB8E8B25BF68D000A9FA18 /* LargeButton.swift */ = {isa = PBXFileReference; lastKnownFileType = sourcecode.swift; path = LargeButton.swift; sourceTree = "<group>"; };
		8FB6E37E259D403900221EA0 /* SearchBar.swift */ = {isa = PBXFileReference; lastKnownFileType = sourcecode.swift; path = SearchBar.swift; sourceTree = "<group>"; };
		8FBBDD9A2547221A0054FCED /* Planti.app */ = {isa = PBXFileReference; explicitFileType = wrapper.application; includeInIndex = 0; path = Planti.app; sourceTree = BUILT_PRODUCTS_DIR; };
		8FBBDD9D2547221A0054FCED /* PlantiApp.swift */ = {isa = PBXFileReference; lastKnownFileType = sourcecode.swift; path = PlantiApp.swift; sourceTree = "<group>"; };
		8FBBDD9F2547221A0054FCED /* ContentView.swift */ = {isa = PBXFileReference; lastKnownFileType = sourcecode.swift; path = ContentView.swift; sourceTree = "<group>"; };
		8FBBDDA12547221E0054FCED /* Assets.xcassets */ = {isa = PBXFileReference; lastKnownFileType = folder.assetcatalog; path = Assets.xcassets; sourceTree = "<group>"; };
		8FBBDDA42547221E0054FCED /* Preview Assets.xcassets */ = {isa = PBXFileReference; lastKnownFileType = folder.assetcatalog; path = "Preview Assets.xcassets"; sourceTree = "<group>"; };
		8FBBDDA62547221E0054FCED /* Persistence.swift */ = {isa = PBXFileReference; lastKnownFileType = sourcecode.swift; path = Persistence.swift; sourceTree = "<group>"; };
		8FBBDDA92547221E0054FCED /* Planti.xcdatamodel */ = {isa = PBXFileReference; lastKnownFileType = wrapper.xcdatamodel; path = Planti.xcdatamodel; sourceTree = "<group>"; };
		8FBBDDAB2547221E0054FCED /* Info.plist */ = {isa = PBXFileReference; lastKnownFileType = text.plist.xml; path = Info.plist; sourceTree = "<group>"; };
		8FBBDDB02547221E0054FCED /* PlantiTests.xctest */ = {isa = PBXFileReference; explicitFileType = wrapper.cfbundle; includeInIndex = 0; path = PlantiTests.xctest; sourceTree = BUILT_PRODUCTS_DIR; };
		8FBBDDB42547221E0054FCED /* PlantiTests.swift */ = {isa = PBXFileReference; lastKnownFileType = sourcecode.swift; path = PlantiTests.swift; sourceTree = "<group>"; };
		8FBBDDB62547221E0054FCED /* Info.plist */ = {isa = PBXFileReference; lastKnownFileType = text.plist.xml; path = Info.plist; sourceTree = "<group>"; };
		8FBBDDBB2547221E0054FCED /* PlantiUITests.xctest */ = {isa = PBXFileReference; explicitFileType = wrapper.cfbundle; includeInIndex = 0; path = PlantiUITests.xctest; sourceTree = BUILT_PRODUCTS_DIR; };
		8FBBDDBF2547221E0054FCED /* PlantiUITests.swift */ = {isa = PBXFileReference; lastKnownFileType = sourcecode.swift; path = PlantiUITests.swift; sourceTree = "<group>"; };
		8FBBDDC12547221E0054FCED /* Info.plist */ = {isa = PBXFileReference; lastKnownFileType = text.plist.xml; path = Info.plist; sourceTree = "<group>"; };
		8FBEBD43257E0D340062C789 /* DashboardView.swift */ = {isa = PBXFileReference; lastKnownFileType = sourcecode.swift; path = DashboardView.swift; sourceTree = "<group>"; };
		8FBEBD4C257E15850062C789 /* BarView.swift */ = {isa = PBXFileReference; lastKnownFileType = sourcecode.swift; path = BarView.swift; sourceTree = "<group>"; };
		8FBEBD65257E23580062C789 /* InfoRow.swift */ = {isa = PBXFileReference; lastKnownFileType = sourcecode.swift; path = InfoRow.swift; sourceTree = "<group>"; };
		8FC344F825A3B3E600EFB0F1 /* MissionView.swift */ = {isa = PBXFileReference; lastKnownFileType = sourcecode.swift; path = MissionView.swift; sourceTree = "<group>"; };
		8FC80C9725AD12C400E77D70 /* NumberFormater + Extension.swift */ = {isa = PBXFileReference; lastKnownFileType = sourcecode.swift; path = "NumberFormater + Extension.swift"; sourceTree = "<group>"; };
		8FD2406E25A0759300A4FCCD /* ImagePreview.swift */ = {isa = PBXFileReference; lastKnownFileType = sourcecode.swift; path = ImagePreview.swift; sourceTree = "<group>"; };
		8FDAAA3425648719006C6FAA /* ImagePickerView.swift */ = {isa = PBXFileReference; lastKnownFileType = sourcecode.swift; path = ImagePickerView.swift; sourceTree = "<group>"; };
		8FDAAA3C25648A3A006C6FAA /* Color + Extension.swift */ = {isa = PBXFileReference; lastKnownFileType = sourcecode.swift; path = "Color + Extension.swift"; sourceTree = "<group>"; };
		8FDAAA4125648AA0006C6FAA /* TestView.swift */ = {isa = PBXFileReference; lastKnownFileType = sourcecode.swift; path = TestView.swift; sourceTree = "<group>"; };
		8FDE3BF325B8C94D00A7E8FB /* LocationManager.swift */ = {isa = PBXFileReference; lastKnownFileType = sourcecode.swift; path = LocationManager.swift; sourceTree = "<group>"; };
		8FE83C9D25653E0D006E1208 /* MobileNetV2.mlmodel */ = {isa = PBXFileReference; lastKnownFileType = file.mlmodel; path = MobileNetV2.mlmodel; sourceTree = "<group>"; };
		8FE83CA2256548FC006E1208 /* CameraLiveView.swift */ = {isa = PBXFileReference; lastKnownFileType = sourcecode.swift; path = CameraLiveView.swift; sourceTree = "<group>"; };
		8FEDC5C725AE72B10052908A /* PlantOverviewViewModel.swift */ = {isa = PBXFileReference; lastKnownFileType = sourcecode.swift; path = PlantOverviewViewModel.swift; sourceTree = "<group>"; };
		8FEDC5CF25AE74120052908A /* PlantService.swift */ = {isa = PBXFileReference; lastKnownFileType = sourcecode.swift; path = PlantService.swift; sourceTree = "<group>"; };
		8FFEB026257E9EA80024AF56 /* SelectionDashboardView.swift */ = {isa = PBXFileReference; lastKnownFileType = sourcecode.swift; path = SelectionDashboardView.swift; sourceTree = "<group>"; };
		8FFFA6FB257ABFC100EA3C01 /* AuthViewModel.swift */ = {isa = PBXFileReference; lastKnownFileType = sourcecode.swift; path = AuthViewModel.swift; sourceTree = "<group>"; };
		8FFFA701257BB54600EA3C01 /* AuthView.swift */ = {isa = PBXFileReference; lastKnownFileType = sourcecode.swift; path = AuthView.swift; sourceTree = "<group>"; };
		8FFFA709257BB69400EA3C01 /* Button + Extension.swift */ = {isa = PBXFileReference; lastKnownFileType = sourcecode.swift; path = "Button + Extension.swift"; sourceTree = "<group>"; };
		8FFFA70E257BD56400EA3C01 /* RegisterView.swift */ = {isa = PBXFileReference; lastKnownFileType = sourcecode.swift; path = RegisterView.swift; sourceTree = "<group>"; };
		8FFFA722257BEAC900EA3C01 /* UserViewModel.swift */ = {isa = PBXFileReference; lastKnownFileType = sourcecode.swift; path = UserViewModel.swift; sourceTree = "<group>"; };
		8FFFA72A257BF0E900EA3C01 /* HomeView.swift */ = {isa = PBXFileReference; lastKnownFileType = sourcecode.swift; path = HomeView.swift; sourceTree = "<group>"; };
		8FFFA73E257D309700EA3C01 /* PlantRow.swift */ = {isa = PBXFileReference; lastKnownFileType = sourcecode.swift; path = PlantRow.swift; sourceTree = "<group>"; };
/* End PBXFileReference section */

/* Begin PBXFrameworksBuildPhase section */
		8FBBDD972547221A0054FCED /* Frameworks */ = {
			isa = PBXFrameworksBuildPhase;
			buildActionMask = 2147483647;
			files = (
				8FB4775025E105FB0037CD52 /* Kingfisher in Frameworks */,
				8F3B460325B5AF54005982C1 /* SwiftKeychainWrapper in Frameworks */,
				8FDE3BE025B861EC00A7E8FB /* WaterfallGrid in Frameworks */,
			);
			runOnlyForDeploymentPostprocessing = 0;
		};
		8FBBDDAD2547221E0054FCED /* Frameworks */ = {
			isa = PBXFrameworksBuildPhase;
			buildActionMask = 2147483647;
			files = (
			);
			runOnlyForDeploymentPostprocessing = 0;
		};
		8FBBDDB82547221E0054FCED /* Frameworks */ = {
			isa = PBXFrameworksBuildPhase;
			buildActionMask = 2147483647;
			files = (
			);
			runOnlyForDeploymentPostprocessing = 0;
		};
/* End PBXFrameworksBuildPhase section */

/* Begin PBXGroup section */
		8F01820E25C4AEB9006B2166 /* Inventory */ = {
			isa = PBXGroup;
			children = (
				8F01821025C4AEE5006B2166 /* Components */,
				8F01820625C4A7AB006B2166 /* InventroyView.swift */,
			);
			path = Inventory;
			sourceTree = "<group>";
		};
		8F01820F25C4AECA006B2166 /* Avatar */ = {
			isa = PBXGroup;
			children = (
				8F8FE93525C4882A00EE81E2 /* Components */,
				8F4EA6A325C389F900BA1577 /* AvatarView.swift */,
			);
			path = Avatar;
			sourceTree = "<group>";
		};
		8F01821025C4AEE5006B2166 /* Components */ = {
			isa = PBXGroup;
			children = (
				8F94D3F425C4C4D8008B532C /* InventoryItemView.swift */,
				8F4CFAF125C720AA005B7670 /* ScoreView.swift */,
			);
			path = Components;
			sourceTree = "<group>";
		};
		8F1594A325C21B20003B43CF /* Components */ = {
			isa = PBXGroup;
			children = (
				8F5E2AB725AE142500B6C402 /* SelectionContentView.swift */,
			);
			path = Components;
			sourceTree = "<group>";
		};
		8F1594A425C21B34003B43CF /* Dashboard */ = {
			isa = PBXGroup;
			children = (
				8FFEB026257E9EA80024AF56 /* SelectionDashboardView.swift */,
			);
			path = Dashboard;
			sourceTree = "<group>";
		};
		8F1594A525C21B4C003B43CF /* Prediction */ = {
			isa = PBXGroup;
			children = (
				8F89A40325837EE700197DBD /* PredictionView.swift */,
			);
			path = Prediction;
			sourceTree = "<group>";
		};
		8F187ADC25A3AF9F002AE0A8 /* Mission */ = {
			isa = PBXGroup;
			children = (
				8F94D42325C6E63C008B532C /* MissionDetail */,
				8F94D42225C6E62D008B532C /* Mission */,
			);
			path = Mission;
			sourceTree = "<group>";
		};
		8F2A785325A3DA4D003D4F6D /* Previews */ = {
			isa = PBXGroup;
			children = (
				8F2A785425A3DA67003D4F6D /* ComponentPreview.swift */,
				8F2A785C25A3DC15003D4F6D /* ScreenPreview.swift */,
			);
			path = Previews;
			sourceTree = "<group>";
		};
		8F32DE1325B7A43100CA9145 /* Storage */ = {
			isa = PBXGroup;
			children = (
				8FBBDDA82547221E0054FCED /* Planti.xcdatamodeld */,
			);
			path = Storage;
			sourceTree = "<group>";
		};
		8F4850D925C2093C00867664 /* Components */ = {
			isa = PBXGroup;
			children = (
				8F4850D425C208A900867664 /* RankingRowView.swift */,
			);
			path = Components;
			sourceTree = "<group>";
		};
		8F4850E225C20D3B00867664 /* Selection */ = {
			isa = PBXGroup;
			children = (
				8F1594A325C21B20003B43CF /* Components */,
				8FA4D5752576838D006869EA /* SelectionView.swift */,
			);
			path = Selection;
			sourceTree = "<group>";
		};
		8F4CA39F256A9AF9002ABFCA /* ImageSelection */ = {
			isa = PBXGroup;
			children = (
				8F4CA3A0256A9B37002ABFCA /* ImageSelectionView.swift */,
			);
			path = ImageSelection;
			sourceTree = "<group>";
		};
		8F622CB625A47E2100801FD0 /* Components */ = {
			isa = PBXGroup;
			children = (
				8F94D41025C5E359008B532C /* MissionContentView.swift */,
				8F94D41A25C5F1DB008B532C /* MissionInactiveItemView.swift */,
				8F94D41525C5EA56008B532C /* MissionEmptyView.swift */,
				8F62C67825C7086E004354FF /* MissionActiveItemView.swift */,
			);
			path = Components;
			sourceTree = "<group>";
		};
		8F62A7FE25A4962E0003D0D1 /* ML */ = {
			isa = PBXGroup;
			children = (
				8FE83C9D25653E0D006E1208 /* MobileNetV2.mlmodel */,
				8F78ECC525C21DA1004F1D49 /* PlantDetector.mlmodel */,
			);
			path = ML;
			sourceTree = "<group>";
		};
		8F62A80225A496640003D0D1 /* Root */ = {
			isa = PBXGroup;
			children = (
				8F81BCDF257D5BBC007BA2C2 /* RootView.swift */,
			);
			path = Root;
			sourceTree = "<group>";
		};
		8F6A7AF525BF9F1B00622F2D /* Ranking */ = {
			isa = PBXGroup;
			children = (
				8F4850D925C2093C00867664 /* Components */,
				8F6A7B0625BFAA4000622F2D /* RankingView.swift */,
			);
			path = Ranking;
			sourceTree = "<group>";
		};
		8F6A7AFE25BFA8A900622F2D /* Auth */ = {
			isa = PBXGroup;
			children = (
				8F1A36C325B750E80018E548 /* LoginViewModel.swift */,
				8FFFA6FB257ABFC100EA3C01 /* AuthViewModel.swift */,
				8F1A36C825B751C00018E548 /* RegistrationViewModel.swift */,
			);
			path = Auth;
			sourceTree = "<group>";
		};
		8F6A7B0025BFA93200622F2D /* Plant */ = {
			isa = PBXGroup;
			children = (
				8F5E2AA225AD1C8600B6C402 /* PlantViewModel.swift */,
			);
			path = Plant;
			sourceTree = "<group>";
		};
		8F6A7B0125BFA94700622F2D /* Prediciton */ = {
			isa = PBXGroup;
			children = (
				8F5E2AAC25AE0BBE00B6C402 /* PlantiNetViewModel.swift */,
				8F6A7B1B25C087B800622F2D /* ObservationViewModel.swift */,
			);
			path = Prediciton;
			sourceTree = "<group>";
		};
		8F6A7B0225BFA9B700622F2D /* PlantOverview */ = {
			isa = PBXGroup;
			children = (
				8FEDC5C725AE72B10052908A /* PlantOverviewViewModel.swift */,
			);
			path = PlantOverview;
			sourceTree = "<group>";
		};
		8F6A7B0B25BFAA9800622F2D /* Ranking */ = {
			isa = PBXGroup;
			children = (
				8F6A7B0C25BFAAB200622F2D /* RankingViewModel.swift */,
			);
			path = Ranking;
			sourceTree = "<group>";
		};
		8F6A7B3F25C1AAD800622F2D /* Components */ = {
			isa = PBXGroup;
			children = (
				8F6A7B2525C1A1E700622F2D /* PlantDescriptionView.swift */,
				8F6A7AF025BF989900622F2D /* KeyVisualView.swift */,
				8F6A7B3A25C1AAA100622F2D /* PlantTextContentView.swift */,
				8F4CFAFE25C83ED5005B7670 /* MissionTargetCompleteView.swift */,
			);
			path = Components;
			sourceTree = "<group>";
		};
		8F6B5E0925A897B9001902FB /* Plant */ = {
			isa = PBXGroup;
			children = (
				8F6A7B3F25C1AAD800622F2D /* Components */,
				8F6B5E0D25A897E7001902FB /* PlantView.swift */,
			);
			path = Plant;
			sourceTree = "<group>";
		};
		8F78ECCD25C23059004F1D49 /* Invalid */ = {
			isa = PBXGroup;
			children = (
				8F78ECCE25C23079004F1D49 /* InvalidPredictionView.swift */,
			);
			path = Invalid;
			sourceTree = "<group>";
		};
		8F78ECE625C37536004F1D49 /* Avatar */ = {
			isa = PBXGroup;
			children = (
				8F78ECE725C37581004F1D49 /* AvatarViewModel.swift */,
				8F94D3EF25C4C042008B532C /* InventoryViewModel.swift */,
			);
			path = Avatar;
			sourceTree = "<group>";
		};
		8F7ACAB5259FF1CD0002146E /* Settings */ = {
			isa = PBXGroup;
			children = (
				8F7ACAB6259FF1E50002146E /* SettingsView.swift */,
				8F1C56F625A09FC100366630 /* AccountSettingsView.swift */,
			);
			path = Settings;
			sourceTree = "<group>";
		};
		8F8FE93525C4882A00EE81E2 /* Components */ = {
			isa = PBXGroup;
			children = (
				8F8FE92825C485C000EE81E2 /* AvatarHeaderView.swift */,
				8F8FE92D25C4873400EE81E2 /* AvatarKeyVisual.swift */,
				8F0181EF25C48DF5006B2166 /* AchievementItemView.swift */,
			);
			path = Components;
			sourceTree = "<group>";
		};
		8F94D40725C5DF52008B532C /* Missions */ = {
			isa = PBXGroup;
			children = (
				8F94D40825C5DF70008B532C /* MissionViewModel.swift */,
				8F94D43A25C6FEC2008B532C /* MissionDetailViewModel.swift */,
				8F4CFAF625C82178005B7670 /* MissionTargetViewModel.swift */,
			);
			path = Missions;
			sourceTree = "<group>";
		};
		8F94D42225C6E62D008B532C /* Mission */ = {
			isa = PBXGroup;
			children = (
				8F622CB625A47E2100801FD0 /* Components */,
				8FC344F825A3B3E600EFB0F1 /* MissionView.swift */,
			);
			path = Mission;
			sourceTree = "<group>";
		};
		8F94D42325C6E63C008B532C /* MissionDetail */ = {
			isa = PBXGroup;
			children = (
				8F94D42425C6E645008B532C /* Components */,
				8F94D42525C6E666008B532C /* MissionDetailView.swift */,
			);
			path = MissionDetail;
			sourceTree = "<group>";
		};
		8F94D42425C6E645008B532C /* Components */ = {
			isa = PBXGroup;
			children = (
				8F62C67025C701BD004354FF /* MissionTargetCheckView.swift */,
			);
			path = Components;
			sourceTree = "<group>";
		};
		8FA8EF5325DEB5E900B7867A /* Onboarding */ = {
			isa = PBXGroup;
			children = (
				8FA8EF6125DEB73200B7867A /* Components */,
				8FA8EF5425DEB5FA00B7867A /* HomeOnboardingView.swift */,
			);
			path = Onboarding;
			sourceTree = "<group>";
		};
		8FA8EF6125DEB73200B7867A /* Components */ = {
			isa = PBXGroup;
			children = (
				8FA8EF5C25DEB72D00B7867A /* OnboardingItemView.swift */,
			);
			path = Components;
			sourceTree = "<group>";
		};
		8FAA51A625A080E000B9FFBA /* PlantOverview */ = {
			isa = PBXGroup;
			children = (
				8FAA51A125A0807700B9FFBA /* PlantOverview.swift */,
			);
			path = PlantOverview;
			sourceTree = "<group>";
		};
		8FAB8E8125BF642300A9FA18 /* Login */ = {
			isa = PBXGroup;
			children = (
				8F1A36BB25B715830018E548 /* LoginView.swift */,
			);
			path = Login;
			sourceTree = "<group>";
		};
		8FAB8E8225BF643100A9FA18 /* Registration */ = {
			isa = PBXGroup;
			children = (
				8FFFA70E257BD56400EA3C01 /* RegisterView.swift */,
				8FAB8E8325BF64B200A9FA18 /* RegisterFigureView.swift */,
			);
			path = Registration;
			sourceTree = "<group>";
		};
		8FBBDD912547221A0054FCED = {
			isa = PBXGroup;
			children = (
				8FBBDD9C2547221A0054FCED /* Planti */,
				8FBBDDB32547221E0054FCED /* PlantiTests */,
				8FBBDDBE2547221E0054FCED /* PlantiUITests */,
				8FBBDD9B2547221A0054FCED /* Products */,
			);
			sourceTree = "<group>";
		};
		8FBBDD9B2547221A0054FCED /* Products */ = {
			isa = PBXGroup;
			children = (
				8FBBDD9A2547221A0054FCED /* Planti.app */,
				8FBBDDB02547221E0054FCED /* PlantiTests.xctest */,
				8FBBDDBB2547221E0054FCED /* PlantiUITests.xctest */,
			);
			name = Products;
			sourceTree = "<group>";
		};
		8FBBDD9C2547221A0054FCED /* Planti */ = {
			isa = PBXGroup;
			children = (
				8F32DE1325B7A43100CA9145 /* Storage */,
				8F62A7FE25A4962E0003D0D1 /* ML */,
				8F2A785325A3DA4D003D4F6D /* Previews */,
				8FDAAA3325647D09006C6FAA /* Services */,
				8FDAAA3225647CF5006C6FAA /* Extensions */,
				8FDAAA3025647CA5006C6FAA /* ViewModels */,
				8FDAAA2F25647C8F006C6FAA /* Models */,
				8FDAAA2E25647C7B006C6FAA /* Views */,
				8FBBDD9D2547221A0054FCED /* PlantiApp.swift */,
				8FBBDD9F2547221A0054FCED /* ContentView.swift */,
				8FBBDDA12547221E0054FCED /* Assets.xcassets */,
				8FBBDDA62547221E0054FCED /* Persistence.swift */,
				8FBBDDAB2547221E0054FCED /* Info.plist */,
				8FBBDDA32547221E0054FCED /* Preview Content */,
			);
			path = Planti;
			sourceTree = "<group>";
		};
		8FBBDDA32547221E0054FCED /* Preview Content */ = {
			isa = PBXGroup;
			children = (
				8FBBDDA42547221E0054FCED /* Preview Assets.xcassets */,
			);
			path = "Preview Content";
			sourceTree = "<group>";
		};
		8FBBDDB32547221E0054FCED /* PlantiTests */ = {
			isa = PBXGroup;
			children = (
				8FBBDDB42547221E0054FCED /* PlantiTests.swift */,
				8FBBDDB62547221E0054FCED /* Info.plist */,
			);
			path = PlantiTests;
			sourceTree = "<group>";
		};
		8FBBDDBE2547221E0054FCED /* PlantiUITests */ = {
			isa = PBXGroup;
			children = (
				8FBBDDBF2547221E0054FCED /* PlantiUITests.swift */,
				8FBBDDC12547221E0054FCED /* Info.plist */,
			);
			path = PlantiUITests;
			sourceTree = "<group>";
		};
		8FBEBD42257E0D1D0062C789 /* Dashboard */ = {
			isa = PBXGroup;
			children = (
				8FBEBD4B257E15250062C789 /* Rows */,
				8FBEBD43257E0D340062C789 /* DashboardView.swift */,
			);
			path = Dashboard;
			sourceTree = "<group>";
		};
		8FBEBD4B257E15250062C789 /* Rows */ = {
			isa = PBXGroup;
			children = (
				8FBEBD4C257E15850062C789 /* BarView.swift */,
				8F5C22DA259FD96E0080FE03 /* DashboardItem.swift */,
			);
			path = Rows;
			sourceTree = "<group>";
		};
		8FBEBD61257E22CE0062C789 /* Components */ = {
			isa = PBXGroup;
			children = (
				8F4850DD25C20C2B00867664 /* CirculaLoadingButton.swift */,
				8FAA519C25A07DC500B9FFBA /* FloatingButton.swift */,
				8F62A7F325A4818B0003D0D1 /* CircularProgressView.swift */,
				8FFFA73E257D309700EA3C01 /* PlantRow.swift */,
				8FD2406E25A0759300A4FCCD /* ImagePreview.swift */,
				8F4B8AF5257E3B7F0003CDD7 /* ChallangeRow.swift */,
				8FBEBD65257E23580062C789 /* InfoRow.swift */,
				8F511D1625A06EB900B5F36C /* InfoCard.swift */,
				8F34CCFA25A07A3B0042DEF2 /* ImageSourceButton.swift */,
				8FAB8E8B25BF68D000A9FA18 /* LargeButton.swift */,
				8F6A7B1625C0848700622F2D /* PlantiIndicatorView.swift */,
				8F78ECD625C233E8004F1D49 /* CancelButton.swift */,
			);
			path = Components;
			sourceTree = "<group>";
		};
		8FBEBD63257E22F50062C789 /* Screens */ = {
			isa = PBXGroup;
			children = (
				8FA8EF5325DEB5E900B7867A /* Onboarding */,
				8FFFA700257BB50000EA3C01 /* Auth */,
				8F6B5E0925A897B9001902FB /* Plant */,
				8FAA51A625A080E000B9FFBA /* PlantOverview */,
				8FFEB025257E9E410024AF56 /* Prediction */,
				8F6A7AF525BF9F1B00622F2D /* Ranking */,
				8F187ADC25A3AF9F002AE0A8 /* Mission */,
				8FEB8A40257E76F700FD4FD0 /* Avatar */,
				8F7ACAB5259FF1CD0002146E /* Settings */,
				8FBEBD42257E0D1D0062C789 /* Dashboard */,
				8FDAAA4625648AA8006C6FAA /* Home */,
				8FD2406625A0727C00A4FCCD /* Test */,
				8F62A80225A496640003D0D1 /* Root */,
			);
			path = Screens;
			sourceTree = "<group>";
		};
		8FD2406625A0727C00A4FCCD /* Test */ = {
			isa = PBXGroup;
			children = (
				8FDAAA4125648AA0006C6FAA /* TestView.swift */,
				8FF7AACF256A98E400FBA6CF /* CameraLive */,
				8F4CA39F256A9AF9002ABFCA /* ImageSelection */,
			);
			path = Test;
			sourceTree = "<group>";
		};
		8FDAAA2E25647C7B006C6FAA /* Views */ = {
			isa = PBXGroup;
			children = (
				8FBEBD63257E22F50062C789 /* Screens */,
				8FBEBD61257E22CE0062C789 /* Components */,
				8FDAAA3125647CB9006C6FAA /* UIKit */,
			);
			path = Views;
			sourceTree = "<group>";
		};
		8FDAAA2F25647C8F006C6FAA /* Models */ = {
			isa = PBXGroup;
			children = (
				8F94D43525C6FC56008B532C /* ProfileModels.swift */,
			);
			path = Models;
			sourceTree = "<group>";
		};
		8FDAAA3025647CA5006C6FAA /* ViewModels */ = {
			isa = PBXGroup;
			children = (
				8F94D40725C5DF52008B532C /* Missions */,
				8F6A7AFE25BFA8A900622F2D /* Auth */,
				8F6A7B0025BFA93200622F2D /* Plant */,
				8F6A7B0225BFA9B700622F2D /* PlantOverview */,
				8F6A7B0125BFA94700622F2D /* Prediciton */,
				8F6A7B0B25BFAA9800622F2D /* Ranking */,
				8F78ECE625C37536004F1D49 /* Avatar */,
				8FFFA722257BEAC900EA3C01 /* UserViewModel.swift */,
				8F5E2AA725AD24CE00B6C402 /* ImageLoader.swift */,
				8F3B45F625B4D520005982C1 /* SelectionViewModel.swift */,
				8FDE3BF325B8C94D00A7E8FB /* LocationManager.swift */,
			);
			path = ViewModels;
			sourceTree = "<group>";
		};
		8FDAAA3125647CB9006C6FAA /* UIKit */ = {
			isa = PBXGroup;
			children = (
				8FDAAA3425648719006C6FAA /* ImagePickerView.swift */,
				8F3FD34D256523A2003E8BB0 /* CameraView.swift */,
				8FB6E37E259D403900221EA0 /* SearchBar.swift */,
				8F6A7B3025C1A80A00622F2D /* BlurView.swift */,
			);
			path = UIKit;
			sourceTree = "<group>";
		};
		8FDAAA3225647CF5006C6FAA /* Extensions */ = {
			isa = PBXGroup;
			children = (
				8FDAAA3C25648A3A006C6FAA /* Color + Extension.swift */,
				8F3FD34825648DF4003E8BB0 /* View + Extension.swift */,
				8F3888D4256BBA95002D89CF /* UIImage + Extension.swift */,
				8F69ABE82576A37000EC0B13 /* URL + Extension.swift */,
				8FFFA709257BB69400EA3C01 /* Button + Extension.swift */,
				8F2A784425A3D8C5003D4F6D /* ColorScheme + Extension.swift */,
				8F2A784925A3D921003D4F6D /* ContentSizeCategory + Extension.swift */,
				8F2A784E25A3D9FA003D4F6D /* ForEach + Extension.swift */,
				8FC80C9725AD12C400E77D70 /* NumberFormater + Extension.swift */,
				8F6A7B3525C1A86000622F2D /* Text + Extension.swift */,
			);
			path = Extensions;
			sourceTree = "<group>";
		};
		8FDAAA3325647D09006C6FAA /* Services */ = {
			isa = PBXGroup;
			children = (
				8F89A3FE258288A400197DBD /* ClassificationService.swift */,
				8FEDC5CF25AE74120052908A /* PlantService.swift */,
				8F3B460725B5B2D3005982C1 /* AuthService.swift */,
				8F6A7AF925BFA50E00622F2D /* RankingService.swift */,
				8F6A7B1125C0644800622F2D /* ObservationService.swift */,
				8F6A7B2025C0D44500622F2D /* ProfileService.swift */,
			);
			path = Services;
			sourceTree = "<group>";
		};
		8FDAAA4625648AA8006C6FAA /* Home */ = {
			isa = PBXGroup;
			children = (
				8FFFA735257D2FF000EA3C01 /* Components */,
				8FFFA72A257BF0E900EA3C01 /* HomeView.swift */,
			);
			path = Home;
			sourceTree = "<group>";
		};
		8FEB8A40257E76F700FD4FD0 /* Avatar */ = {
			isa = PBXGroup;
			children = (
				8F01820F25C4AECA006B2166 /* Avatar */,
				8F01820E25C4AEB9006B2166 /* Inventory */,
			);
			path = Avatar;
			sourceTree = "<group>";
		};
		8FF7AACF256A98E400FBA6CF /* CameraLive */ = {
			isa = PBXGroup;
			children = (
				8FE83CA2256548FC006E1208 /* CameraLiveView.swift */,
			);
			path = CameraLive;
			sourceTree = "<group>";
		};
		8FFEB025257E9E410024AF56 /* Prediction */ = {
			isa = PBXGroup;
			children = (
				8F78ECCD25C23059004F1D49 /* Invalid */,
				8F1594A525C21B4C003B43CF /* Prediction */,
				8F1594A425C21B34003B43CF /* Dashboard */,
				8F4850E225C20D3B00867664 /* Selection */,
			);
			path = Prediction;
			sourceTree = "<group>";
		};
		8FFFA700257BB50000EA3C01 /* Auth */ = {
			isa = PBXGroup;
			children = (
				8FAB8E8225BF643100A9FA18 /* Registration */,
				8FAB8E8125BF642300A9FA18 /* Login */,
				8FFFA701257BB54600EA3C01 /* AuthView.swift */,
			);
			path = Auth;
			sourceTree = "<group>";
		};
		8FFFA735257D2FF000EA3C01 /* Components */ = {
			isa = PBXGroup;
			children = (
				8F3C4D2E25C1F53F006CC07C /* HomePlaceholderView.swift */,
				8F34CD0525A07C850042DEF2 /* PlantRecordItem.swift */,
			);
			path = Components;
			sourceTree = "<group>";
		};
/* End PBXGroup section */

/* Begin PBXNativeTarget section */
		8FBBDD992547221A0054FCED /* Planti */ = {
			isa = PBXNativeTarget;
			buildConfigurationList = 8FBBDDC42547221E0054FCED /* Build configuration list for PBXNativeTarget "Planti" */;
			buildPhases = (
				8FBBDD962547221A0054FCED /* Sources */,
				8FBBDD972547221A0054FCED /* Frameworks */,
				8FBBDD982547221A0054FCED /* Resources */,
			);
			buildRules = (
			);
			dependencies = (
			);
			name = Planti;
			packageProductDependencies = (
				8F3B460225B5AF54005982C1 /* SwiftKeychainWrapper */,
				8FDE3BDF25B861EC00A7E8FB /* WaterfallGrid */,
				8FB4774F25E105FB0037CD52 /* Kingfisher */,
			);
			productName = Planti;
			productReference = 8FBBDD9A2547221A0054FCED /* Planti.app */;
			productType = "com.apple.product-type.application";
		};
		8FBBDDAF2547221E0054FCED /* PlantiTests */ = {
			isa = PBXNativeTarget;
			buildConfigurationList = 8FBBDDC72547221E0054FCED /* Build configuration list for PBXNativeTarget "PlantiTests" */;
			buildPhases = (
				8FBBDDAC2547221E0054FCED /* Sources */,
				8FBBDDAD2547221E0054FCED /* Frameworks */,
				8FBBDDAE2547221E0054FCED /* Resources */,
			);
			buildRules = (
			);
			dependencies = (
				8FBBDDB22547221E0054FCED /* PBXTargetDependency */,
			);
			name = PlantiTests;
			productName = PlantiTests;
			productReference = 8FBBDDB02547221E0054FCED /* PlantiTests.xctest */;
			productType = "com.apple.product-type.bundle.unit-test";
		};
		8FBBDDBA2547221E0054FCED /* PlantiUITests */ = {
			isa = PBXNativeTarget;
			buildConfigurationList = 8FBBDDCA2547221E0054FCED /* Build configuration list for PBXNativeTarget "PlantiUITests" */;
			buildPhases = (
				8FBBDDB72547221E0054FCED /* Sources */,
				8FBBDDB82547221E0054FCED /* Frameworks */,
				8FBBDDB92547221E0054FCED /* Resources */,
			);
			buildRules = (
			);
			dependencies = (
				8FBBDDBD2547221E0054FCED /* PBXTargetDependency */,
			);
			name = PlantiUITests;
			productName = PlantiUITests;
			productReference = 8FBBDDBB2547221E0054FCED /* PlantiUITests.xctest */;
			productType = "com.apple.product-type.bundle.ui-testing";
		};
/* End PBXNativeTarget section */

/* Begin PBXProject section */
		8FBBDD922547221A0054FCED /* Project object */ = {
			isa = PBXProject;
			attributes = {
				LastSwiftUpdateCheck = 1210;
				LastUpgradeCheck = 1210;
				TargetAttributes = {
					8FBBDD992547221A0054FCED = {
						CreatedOnToolsVersion = 12.1;
					};
					8FBBDDAF2547221E0054FCED = {
						CreatedOnToolsVersion = 12.1;
						TestTargetID = 8FBBDD992547221A0054FCED;
					};
					8FBBDDBA2547221E0054FCED = {
						CreatedOnToolsVersion = 12.1;
						TestTargetID = 8FBBDD992547221A0054FCED;
					};
				};
			};
			buildConfigurationList = 8FBBDD952547221A0054FCED /* Build configuration list for PBXProject "Planti" */;
			compatibilityVersion = "Xcode 9.3";
			developmentRegion = en;
			hasScannedForEncodings = 0;
			knownRegions = (
				en,
				Base,
			);
			mainGroup = 8FBBDD912547221A0054FCED;
			packageReferences = (
				8F3B460125B5AF54005982C1 /* XCRemoteSwiftPackageReference "SwiftKeychainWrapper" */,
				8FDE3BDE25B861EC00A7E8FB /* XCRemoteSwiftPackageReference "WaterfallGrid" */,
				8FB4774E25E105FB0037CD52 /* XCRemoteSwiftPackageReference "Kingfisher" */,
			);
			productRefGroup = 8FBBDD9B2547221A0054FCED /* Products */;
			projectDirPath = "";
			projectRoot = "";
			targets = (
				8FBBDD992547221A0054FCED /* Planti */,
				8FBBDDAF2547221E0054FCED /* PlantiTests */,
				8FBBDDBA2547221E0054FCED /* PlantiUITests */,
			);
		};
/* End PBXProject section */

/* Begin PBXResourcesBuildPhase section */
		8FBBDD982547221A0054FCED /* Resources */ = {
			isa = PBXResourcesBuildPhase;
			buildActionMask = 2147483647;
			files = (
				8FBBDDA52547221E0054FCED /* Preview Assets.xcassets in Resources */,
				8FBBDDA22547221E0054FCED /* Assets.xcassets in Resources */,
			);
			runOnlyForDeploymentPostprocessing = 0;
		};
		8FBBDDAE2547221E0054FCED /* Resources */ = {
			isa = PBXResourcesBuildPhase;
			buildActionMask = 2147483647;
			files = (
			);
			runOnlyForDeploymentPostprocessing = 0;
		};
		8FBBDDB92547221E0054FCED /* Resources */ = {
			isa = PBXResourcesBuildPhase;
			buildActionMask = 2147483647;
			files = (
			);
			runOnlyForDeploymentPostprocessing = 0;
		};
/* End PBXResourcesBuildPhase section */

/* Begin PBXSourcesBuildPhase section */
		8FBBDD962547221A0054FCED /* Sources */ = {
			isa = PBXSourcesBuildPhase;
			buildActionMask = 2147483647;
			files = (
				8FBEBD66257E23580062C789 /* InfoRow.swift in Sources */,
				8F1A36C925B751C00018E548 /* RegistrationViewModel.swift in Sources */,
				8FEDC5C825AE72B10052908A /* PlantOverviewViewModel.swift in Sources */,
				8FBBDDA72547221E0054FCED /* Persistence.swift in Sources */,
				8F2A785525A3DA67003D4F6D /* ComponentPreview.swift in Sources */,
				8F8FE92925C485C000EE81E2 /* AvatarHeaderView.swift in Sources */,
				8F81BCE0257D5BBC007BA2C2 /* RootView.swift in Sources */,
				8F94D41125C5E359008B532C /* MissionContentView.swift in Sources */,
				8FAB8E8C25BF68D000A9FA18 /* LargeButton.swift in Sources */,
				8F94D40925C5DF70008B532C /* MissionViewModel.swift in Sources */,
				8F2A784F25A3D9FA003D4F6D /* ForEach + Extension.swift in Sources */,
				8F89A3FF258288A400197DBD /* ClassificationService.swift in Sources */,
				8F1C56F725A09FC100366630 /* AccountSettingsView.swift in Sources */,
				8F6A7AFA25BFA50E00622F2D /* RankingService.swift in Sources */,
				8FAA51A225A0807700B9FFBA /* PlantOverview.swift in Sources */,
				8FDAAA4225648AA0006C6FAA /* TestView.swift in Sources */,
				8F7ACAB7259FF1E50002146E /* SettingsView.swift in Sources */,
				8F01820725C4A7AB006B2166 /* InventroyView.swift in Sources */,
				8F6A7AF125BF989900622F2D /* KeyVisualView.swift in Sources */,
				8F5E2AA325AD1C8600B6C402 /* PlantViewModel.swift in Sources */,
				8F4B8AF6257E3B7F0003CDD7 /* ChallangeRow.swift in Sources */,
				8FA8EF5D25DEB72D00B7867A /* OnboardingItemView.swift in Sources */,
				8F3B460825B5B2D3005982C1 /* AuthService.swift in Sources */,
				8FFFA73F257D309700EA3C01 /* PlantRow.swift in Sources */,
				8F4850D525C208A900867664 /* RankingRowView.swift in Sources */,
				8F94D42625C6E666008B532C /* MissionDetailView.swift in Sources */,
				8FDE3BF425B8C94D00A7E8FB /* LocationManager.swift in Sources */,
				8FAA519D25A07DC500B9FFBA /* FloatingButton.swift in Sources */,
				8F4CFAFF25C83ED5005B7670 /* MissionTargetCompleteView.swift in Sources */,
				8FBEBD4D257E15850062C789 /* BarView.swift in Sources */,
				8F1A36BC25B715830018E548 /* LoginView.swift in Sources */,
				8F4CFAF225C720AA005B7670 /* ScoreView.swift in Sources */,
				8F34CD0625A07C850042DEF2 /* PlantRecordItem.swift in Sources */,
				8F94D41625C5EA56008B532C /* MissionEmptyView.swift in Sources */,
				8FBBDDA02547221A0054FCED /* ContentView.swift in Sources */,
				8F62A7F425A4818B0003D0D1 /* CircularProgressView.swift in Sources */,
				8FD2406F25A0759300A4FCCD /* ImagePreview.swift in Sources */,
				8F6B5E0E25A897E7001902FB /* PlantView.swift in Sources */,
				8F34CCFB25A07A3B0042DEF2 /* ImageSourceButton.swift in Sources */,
				8FDAAA3525648719006C6FAA /* ImagePickerView.swift in Sources */,
				8FE83CA3256548FC006E1208 /* CameraLiveView.swift in Sources */,
				8F94D3F025C4C042008B532C /* InventoryViewModel.swift in Sources */,
				8FFFA70A257BB69400EA3C01 /* Button + Extension.swift in Sources */,
				8F69ABE92576A37000EC0B13 /* URL + Extension.swift in Sources */,
				8F78ECE825C37581004F1D49 /* AvatarViewModel.swift in Sources */,
				8F4850DE25C20C2B00867664 /* CirculaLoadingButton.swift in Sources */,
				8F4EA6A425C389F900BA1577 /* AvatarView.swift in Sources */,
				8F3FD34925648DF4003E8BB0 /* View + Extension.swift in Sources */,
				8F3C4D2F25C1F53F006CC07C /* HomePlaceholderView.swift in Sources */,
				8F6A7B3B25C1AAA100622F2D /* PlantTextContentView.swift in Sources */,
				8FFFA70F257BD56400EA3C01 /* RegisterView.swift in Sources */,
				8F5E2AAD25AE0BBE00B6C402 /* PlantiNetViewModel.swift in Sources */,
				8F0181F025C48DF5006B2166 /* AchievementItemView.swift in Sources */,
				8FBBDD9E2547221A0054FCED /* PlantiApp.swift in Sources */,
				8FA4D5762576838D006869EA /* SelectionView.swift in Sources */,
				8FBBDDAA2547221E0054FCED /* Planti.xcdatamodeld in Sources */,
				8F6A7B1225C0644800622F2D /* ObservationService.swift in Sources */,
				8F511D1725A06EB900B5F36C /* InfoCard.swift in Sources */,
				8FFFA702257BB54600EA3C01 /* AuthView.swift in Sources */,
				8F4CFAF725C82178005B7670 /* MissionTargetViewModel.swift in Sources */,
				8F94D43B25C6FEC2008B532C /* MissionDetailViewModel.swift in Sources */,
				8FFFA723257BEAC900EA3C01 /* UserViewModel.swift in Sources */,
				8F2A784A25A3D921003D4F6D /* ContentSizeCategory + Extension.swift in Sources */,
				8F5E2AA825AD24CE00B6C402 /* ImageLoader.swift in Sources */,
				8FBEBD44257E0D340062C789 /* DashboardView.swift in Sources */,
				8F3B45F725B4D520005982C1 /* SelectionViewModel.swift in Sources */,
				8FB6E37F259D403900221EA0 /* SearchBar.swift in Sources */,
				8F89A40425837EE700197DBD /* PredictionView.swift in Sources */,
				8F6A7B3625C1A86000622F2D /* Text + Extension.swift in Sources */,
				8F6A7B0725BFAA4000622F2D /* RankingView.swift in Sources */,
				8F5C22DB259FD96E0080FE03 /* DashboardItem.swift in Sources */,
				8FA8EF5525DEB5FA00B7867A /* HomeOnboardingView.swift in Sources */,
				8F6A7B1C25C087B800622F2D /* ObservationViewModel.swift in Sources */,
				8F6A7B1725C0848700622F2D /* PlantiIndicatorView.swift in Sources */,
				8F78ECC625C21DA1004F1D49 /* PlantDetector.mlmodel in Sources */,
				8F1A36C425B750E80018E548 /* LoginViewModel.swift in Sources */,
				8F8FE92E25C4873400EE81E2 /* AvatarKeyVisual.swift in Sources */,
				8FC80C9825AD12C400E77D70 /* NumberFormater + Extension.swift in Sources */,
				8F3888D5256BBA95002D89CF /* UIImage + Extension.swift in Sources */,
				8F2A785D25A3DC15003D4F6D /* ScreenPreview.swift in Sources */,
				8FFFA72B257BF0E900EA3C01 /* HomeView.swift in Sources */,
				8FAB8E8425BF64B200A9FA18 /* RegisterFigureView.swift in Sources */,
				8FC344F925A3B3E600EFB0F1 /* MissionView.swift in Sources */,
				8F94D41B25C5F1DB008B532C /* MissionInactiveItemView.swift in Sources */,
				8FDAAA3D25648A3A006C6FAA /* Color + Extension.swift in Sources */,
				8FFFA6FC257ABFC100EA3C01 /* AuthViewModel.swift in Sources */,
				8F6A7B2625C1A1E700622F2D /* PlantDescriptionView.swift in Sources */,
				8F78ECCF25C23079004F1D49 /* InvalidPredictionView.swift in Sources */,
				8FE83C9E25653E0D006E1208 /* MobileNetV2.mlmodel in Sources */,
				8FEDC5D025AE74120052908A /* PlantService.swift in Sources */,
				8F4CA3A1256A9B37002ABFCA /* ImageSelectionView.swift in Sources */,
				8F62C67925C7086E004354FF /* MissionActiveItemView.swift in Sources */,
				8F6A7B0D25BFAAB200622F2D /* RankingViewModel.swift in Sources */,
				8F94D3F525C4C4D8008B532C /* InventoryItemView.swift in Sources */,
				8F6A7B2125C0D44500622F2D /* ProfileService.swift in Sources */,
				8F94D43625C6FC56008B532C /* ProfileModels.swift in Sources */,
				8F5E2AB825AE142500B6C402 /* SelectionContentView.swift in Sources */,
				8F62C67125C701BD004354FF /* MissionTargetCheckView.swift in Sources */,
				8F2A784525A3D8C5003D4F6D /* ColorScheme + Extension.swift in Sources */,
				8F6A7B3125C1A80A00622F2D /* BlurView.swift in Sources */,
				8FFEB027257E9EA80024AF56 /* SelectionDashboardView.swift in Sources */,
				8F3FD34E256523A2003E8BB0 /* CameraView.swift in Sources */,
				8F78ECD725C233E8004F1D49 /* CancelButton.swift in Sources */,
			);
			runOnlyForDeploymentPostprocessing = 0;
		};
		8FBBDDAC2547221E0054FCED /* Sources */ = {
			isa = PBXSourcesBuildPhase;
			buildActionMask = 2147483647;
			files = (
				8FBBDDB52547221E0054FCED /* PlantiTests.swift in Sources */,
			);
			runOnlyForDeploymentPostprocessing = 0;
		};
		8FBBDDB72547221E0054FCED /* Sources */ = {
			isa = PBXSourcesBuildPhase;
			buildActionMask = 2147483647;
			files = (
				8FBBDDC02547221E0054FCED /* PlantiUITests.swift in Sources */,
			);
			runOnlyForDeploymentPostprocessing = 0;
		};
/* End PBXSourcesBuildPhase section */

/* Begin PBXTargetDependency section */
		8FBBDDB22547221E0054FCED /* PBXTargetDependency */ = {
			isa = PBXTargetDependency;
			target = 8FBBDD992547221A0054FCED /* Planti */;
			targetProxy = 8FBBDDB12547221E0054FCED /* PBXContainerItemProxy */;
		};
		8FBBDDBD2547221E0054FCED /* PBXTargetDependency */ = {
			isa = PBXTargetDependency;
			target = 8FBBDD992547221A0054FCED /* Planti */;
			targetProxy = 8FBBDDBC2547221E0054FCED /* PBXContainerItemProxy */;
		};
/* End PBXTargetDependency section */

/* Begin XCBuildConfiguration section */
		8FBBDDC22547221E0054FCED /* Debug */ = {
			isa = XCBuildConfiguration;
			buildSettings = {
				ALWAYS_SEARCH_USER_PATHS = NO;
				CLANG_ANALYZER_NONNULL = YES;
				CLANG_ANALYZER_NUMBER_OBJECT_CONVERSION = YES_AGGRESSIVE;
				CLANG_CXX_LANGUAGE_STANDARD = "gnu++14";
				CLANG_CXX_LIBRARY = "libc++";
				CLANG_ENABLE_MODULES = YES;
				CLANG_ENABLE_OBJC_ARC = YES;
				CLANG_ENABLE_OBJC_WEAK = YES;
				CLANG_WARN_BLOCK_CAPTURE_AUTORELEASING = YES;
				CLANG_WARN_BOOL_CONVERSION = YES;
				CLANG_WARN_COMMA = YES;
				CLANG_WARN_CONSTANT_CONVERSION = YES;
				CLANG_WARN_DEPRECATED_OBJC_IMPLEMENTATIONS = YES;
				CLANG_WARN_DIRECT_OBJC_ISA_USAGE = YES_ERROR;
				CLANG_WARN_DOCUMENTATION_COMMENTS = YES;
				CLANG_WARN_EMPTY_BODY = YES;
				CLANG_WARN_ENUM_CONVERSION = YES;
				CLANG_WARN_INFINITE_RECURSION = YES;
				CLANG_WARN_INT_CONVERSION = YES;
				CLANG_WARN_NON_LITERAL_NULL_CONVERSION = YES;
				CLANG_WARN_OBJC_IMPLICIT_RETAIN_SELF = YES;
				CLANG_WARN_OBJC_LITERAL_CONVERSION = YES;
				CLANG_WARN_OBJC_ROOT_CLASS = YES_ERROR;
				CLANG_WARN_QUOTED_INCLUDE_IN_FRAMEWORK_HEADER = YES;
				CLANG_WARN_RANGE_LOOP_ANALYSIS = YES;
				CLANG_WARN_STRICT_PROTOTYPES = YES;
				CLANG_WARN_SUSPICIOUS_MOVE = YES;
				CLANG_WARN_UNGUARDED_AVAILABILITY = YES_AGGRESSIVE;
				CLANG_WARN_UNREACHABLE_CODE = YES;
				CLANG_WARN__DUPLICATE_METHOD_MATCH = YES;
				COPY_PHASE_STRIP = NO;
				DEBUG_INFORMATION_FORMAT = dwarf;
				ENABLE_STRICT_OBJC_MSGSEND = YES;
				ENABLE_TESTABILITY = YES;
				GCC_C_LANGUAGE_STANDARD = gnu11;
				GCC_DYNAMIC_NO_PIC = NO;
				GCC_NO_COMMON_BLOCKS = YES;
				GCC_OPTIMIZATION_LEVEL = 0;
				GCC_PREPROCESSOR_DEFINITIONS = (
					"DEBUG=1",
					"$(inherited)",
				);
				GCC_WARN_64_TO_32_BIT_CONVERSION = YES;
				GCC_WARN_ABOUT_RETURN_TYPE = YES_ERROR;
				GCC_WARN_UNDECLARED_SELECTOR = YES;
				GCC_WARN_UNINITIALIZED_AUTOS = YES_AGGRESSIVE;
				GCC_WARN_UNUSED_FUNCTION = YES;
				GCC_WARN_UNUSED_VARIABLE = YES;
				IPHONEOS_DEPLOYMENT_TARGET = 14.1;
				MTL_ENABLE_DEBUG_INFO = INCLUDE_SOURCE;
				MTL_FAST_MATH = YES;
				ONLY_ACTIVE_ARCH = YES;
				SDKROOT = iphoneos;
				SWIFT_ACTIVE_COMPILATION_CONDITIONS = DEBUG;
				SWIFT_OPTIMIZATION_LEVEL = "-Onone";
			};
			name = Debug;
		};
		8FBBDDC32547221E0054FCED /* Release */ = {
			isa = XCBuildConfiguration;
			buildSettings = {
				ALWAYS_SEARCH_USER_PATHS = NO;
				CLANG_ANALYZER_NONNULL = YES;
				CLANG_ANALYZER_NUMBER_OBJECT_CONVERSION = YES_AGGRESSIVE;
				CLANG_CXX_LANGUAGE_STANDARD = "gnu++14";
				CLANG_CXX_LIBRARY = "libc++";
				CLANG_ENABLE_MODULES = YES;
				CLANG_ENABLE_OBJC_ARC = YES;
				CLANG_ENABLE_OBJC_WEAK = YES;
				CLANG_WARN_BLOCK_CAPTURE_AUTORELEASING = YES;
				CLANG_WARN_BOOL_CONVERSION = YES;
				CLANG_WARN_COMMA = YES;
				CLANG_WARN_CONSTANT_CONVERSION = YES;
				CLANG_WARN_DEPRECATED_OBJC_IMPLEMENTATIONS = YES;
				CLANG_WARN_DIRECT_OBJC_ISA_USAGE = YES_ERROR;
				CLANG_WARN_DOCUMENTATION_COMMENTS = YES;
				CLANG_WARN_EMPTY_BODY = YES;
				CLANG_WARN_ENUM_CONVERSION = YES;
				CLANG_WARN_INFINITE_RECURSION = YES;
				CLANG_WARN_INT_CONVERSION = YES;
				CLANG_WARN_NON_LITERAL_NULL_CONVERSION = YES;
				CLANG_WARN_OBJC_IMPLICIT_RETAIN_SELF = YES;
				CLANG_WARN_OBJC_LITERAL_CONVERSION = YES;
				CLANG_WARN_OBJC_ROOT_CLASS = YES_ERROR;
				CLANG_WARN_QUOTED_INCLUDE_IN_FRAMEWORK_HEADER = YES;
				CLANG_WARN_RANGE_LOOP_ANALYSIS = YES;
				CLANG_WARN_STRICT_PROTOTYPES = YES;
				CLANG_WARN_SUSPICIOUS_MOVE = YES;
				CLANG_WARN_UNGUARDED_AVAILABILITY = YES_AGGRESSIVE;
				CLANG_WARN_UNREACHABLE_CODE = YES;
				CLANG_WARN__DUPLICATE_METHOD_MATCH = YES;
				COPY_PHASE_STRIP = NO;
				DEBUG_INFORMATION_FORMAT = "dwarf-with-dsym";
				ENABLE_NS_ASSERTIONS = NO;
				ENABLE_STRICT_OBJC_MSGSEND = YES;
				GCC_C_LANGUAGE_STANDARD = gnu11;
				GCC_NO_COMMON_BLOCKS = YES;
				GCC_WARN_64_TO_32_BIT_CONVERSION = YES;
				GCC_WARN_ABOUT_RETURN_TYPE = YES_ERROR;
				GCC_WARN_UNDECLARED_SELECTOR = YES;
				GCC_WARN_UNINITIALIZED_AUTOS = YES_AGGRESSIVE;
				GCC_WARN_UNUSED_FUNCTION = YES;
				GCC_WARN_UNUSED_VARIABLE = YES;
				IPHONEOS_DEPLOYMENT_TARGET = 14.1;
				MTL_ENABLE_DEBUG_INFO = NO;
				MTL_FAST_MATH = YES;
				SDKROOT = iphoneos;
				SWIFT_COMPILATION_MODE = wholemodule;
				SWIFT_OPTIMIZATION_LEVEL = "-O";
				VALIDATE_PRODUCT = YES;
			};
			name = Release;
		};
		8FBBDDC52547221E0054FCED /* Debug */ = {
			isa = XCBuildConfiguration;
			buildSettings = {
				ASSETCATALOG_COMPILER_APPICON_NAME = AppIcon;
				ASSETCATALOG_COMPILER_GLOBAL_ACCENT_COLOR_NAME = AccentColor;
				CODE_SIGN_STYLE = Automatic;
				DEVELOPMENT_ASSET_PATHS = "\"Planti/Preview Content\"";
				DEVELOPMENT_TEAM = C4LAMRR78X;
				ENABLE_PREVIEWS = YES;
				INFOPLIST_FILE = Planti/Info.plist;
				IPHONEOS_DEPLOYMENT_TARGET = 14.0;
				LD_RUNPATH_SEARCH_PATHS = (
					"$(inherited)",
					"@executable_path/Frameworks",
				);
				PRODUCT_BUNDLE_IDENTIFIER = de.dominikwieners.Planti;
				PRODUCT_NAME = "$(TARGET_NAME)";
				SWIFT_VERSION = 5.0;
				TARGETED_DEVICE_FAMILY = "1,2";
			};
			name = Debug;
		};
		8FBBDDC62547221E0054FCED /* Release */ = {
			isa = XCBuildConfiguration;
			buildSettings = {
				ASSETCATALOG_COMPILER_APPICON_NAME = AppIcon;
				ASSETCATALOG_COMPILER_GLOBAL_ACCENT_COLOR_NAME = AccentColor;
				CODE_SIGN_STYLE = Automatic;
				DEVELOPMENT_ASSET_PATHS = "\"Planti/Preview Content\"";
				DEVELOPMENT_TEAM = C4LAMRR78X;
				ENABLE_PREVIEWS = YES;
				INFOPLIST_FILE = Planti/Info.plist;
				IPHONEOS_DEPLOYMENT_TARGET = 14.0;
				LD_RUNPATH_SEARCH_PATHS = (
					"$(inherited)",
					"@executable_path/Frameworks",
				);
				PRODUCT_BUNDLE_IDENTIFIER = de.dominikwieners.Planti;
				PRODUCT_NAME = "$(TARGET_NAME)";
				SWIFT_VERSION = 5.0;
				TARGETED_DEVICE_FAMILY = "1,2";
			};
			name = Release;
		};
		8FBBDDC82547221E0054FCED /* Debug */ = {
			isa = XCBuildConfiguration;
			buildSettings = {
				ALWAYS_EMBED_SWIFT_STANDARD_LIBRARIES = YES;
				BUNDLE_LOADER = "$(TEST_HOST)";
				CODE_SIGN_STYLE = Automatic;
				DEVELOPMENT_TEAM = N48XQ82EDP;
				INFOPLIST_FILE = PlantiTests/Info.plist;
				IPHONEOS_DEPLOYMENT_TARGET = 14.0;
				LD_RUNPATH_SEARCH_PATHS = (
					"$(inherited)",
					"@executable_path/Frameworks",
					"@loader_path/Frameworks",
				);
				PRODUCT_BUNDLE_IDENTIFIER = de.dominikwieners.PlantiTests;
				PRODUCT_NAME = "$(TARGET_NAME)";
				SWIFT_VERSION = 5.0;
				TARGETED_DEVICE_FAMILY = "1,2";
				TEST_HOST = "$(BUILT_PRODUCTS_DIR)/Planti.app/Planti";
			};
			name = Debug;
		};
		8FBBDDC92547221E0054FCED /* Release */ = {
			isa = XCBuildConfiguration;
			buildSettings = {
				ALWAYS_EMBED_SWIFT_STANDARD_LIBRARIES = YES;
				BUNDLE_LOADER = "$(TEST_HOST)";
				CODE_SIGN_STYLE = Automatic;
				DEVELOPMENT_TEAM = N48XQ82EDP;
				INFOPLIST_FILE = PlantiTests/Info.plist;
				IPHONEOS_DEPLOYMENT_TARGET = 14.0;
				LD_RUNPATH_SEARCH_PATHS = (
					"$(inherited)",
					"@executable_path/Frameworks",
					"@loader_path/Frameworks",
				);
				PRODUCT_BUNDLE_IDENTIFIER = de.dominikwieners.PlantiTests;
				PRODUCT_NAME = "$(TARGET_NAME)";
				SWIFT_VERSION = 5.0;
				TARGETED_DEVICE_FAMILY = "1,2";
				TEST_HOST = "$(BUILT_PRODUCTS_DIR)/Planti.app/Planti";
			};
			name = Release;
		};
		8FBBDDCB2547221E0054FCED /* Debug */ = {
			isa = XCBuildConfiguration;
			buildSettings = {
				ALWAYS_EMBED_SWIFT_STANDARD_LIBRARIES = YES;
				CODE_SIGN_STYLE = Automatic;
				DEVELOPMENT_TEAM = N48XQ82EDP;
				INFOPLIST_FILE = PlantiUITests/Info.plist;
				LD_RUNPATH_SEARCH_PATHS = (
					"$(inherited)",
					"@executable_path/Frameworks",
					"@loader_path/Frameworks",
				);
				PRODUCT_BUNDLE_IDENTIFIER = de.dominikwieners.PlantiUITests;
				PRODUCT_NAME = "$(TARGET_NAME)";
				SWIFT_VERSION = 5.0;
				TARGETED_DEVICE_FAMILY = "1,2";
				TEST_TARGET_NAME = Planti;
			};
			name = Debug;
		};
		8FBBDDCC2547221E0054FCED /* Release */ = {
			isa = XCBuildConfiguration;
			buildSettings = {
				ALWAYS_EMBED_SWIFT_STANDARD_LIBRARIES = YES;
				CODE_SIGN_STYLE = Automatic;
				DEVELOPMENT_TEAM = N48XQ82EDP;
				INFOPLIST_FILE = PlantiUITests/Info.plist;
				LD_RUNPATH_SEARCH_PATHS = (
					"$(inherited)",
					"@executable_path/Frameworks",
					"@loader_path/Frameworks",
				);
				PRODUCT_BUNDLE_IDENTIFIER = de.dominikwieners.PlantiUITests;
				PRODUCT_NAME = "$(TARGET_NAME)";
				SWIFT_VERSION = 5.0;
				TARGETED_DEVICE_FAMILY = "1,2";
				TEST_TARGET_NAME = Planti;
			};
			name = Release;
		};
/* End XCBuildConfiguration section */

/* Begin XCConfigurationList section */
		8FBBDD952547221A0054FCED /* Build configuration list for PBXProject "Planti" */ = {
			isa = XCConfigurationList;
			buildConfigurations = (
				8FBBDDC22547221E0054FCED /* Debug */,
				8FBBDDC32547221E0054FCED /* Release */,
			);
			defaultConfigurationIsVisible = 0;
			defaultConfigurationName = Release;
		};
		8FBBDDC42547221E0054FCED /* Build configuration list for PBXNativeTarget "Planti" */ = {
			isa = XCConfigurationList;
			buildConfigurations = (
				8FBBDDC52547221E0054FCED /* Debug */,
				8FBBDDC62547221E0054FCED /* Release */,
			);
			defaultConfigurationIsVisible = 0;
			defaultConfigurationName = Release;
		};
		8FBBDDC72547221E0054FCED /* Build configuration list for PBXNativeTarget "PlantiTests" */ = {
			isa = XCConfigurationList;
			buildConfigurations = (
				8FBBDDC82547221E0054FCED /* Debug */,
				8FBBDDC92547221E0054FCED /* Release */,
			);
			defaultConfigurationIsVisible = 0;
			defaultConfigurationName = Release;
		};
		8FBBDDCA2547221E0054FCED /* Build configuration list for PBXNativeTarget "PlantiUITests" */ = {
			isa = XCConfigurationList;
			buildConfigurations = (
				8FBBDDCB2547221E0054FCED /* Debug */,
				8FBBDDCC2547221E0054FCED /* Release */,
			);
			defaultConfigurationIsVisible = 0;
			defaultConfigurationName = Release;
		};
/* End XCConfigurationList section */

/* Begin XCRemoteSwiftPackageReference section */
		8F3B460125B5AF54005982C1 /* XCRemoteSwiftPackageReference "SwiftKeychainWrapper" */ = {
			isa = XCRemoteSwiftPackageReference;
			repositoryURL = "https://github.com/jrendel/SwiftKeychainWrapper";
			requirement = {
				kind = upToNextMajorVersion;
				minimumVersion = 4.0.1;
			};
		};
		8FB4774E25E105FB0037CD52 /* XCRemoteSwiftPackageReference "Kingfisher" */ = {
			isa = XCRemoteSwiftPackageReference;
			repositoryURL = "https://github.com/onevcat/Kingfisher.git";
			requirement = {
				kind = upToNextMajorVersion;
				minimumVersion = 6.1.1;
			};
		};
		8FDE3BDE25B861EC00A7E8FB /* XCRemoteSwiftPackageReference "WaterfallGrid" */ = {
			isa = XCRemoteSwiftPackageReference;
			repositoryURL = "https://github.com/paololeonardi/WaterfallGrid";
			requirement = {
				kind = upToNextMajorVersion;
				minimumVersion = 1.0.0;
			};
		};
/* End XCRemoteSwiftPackageReference section */

/* Begin XCSwiftPackageProductDependency section */
		8F3B460225B5AF54005982C1 /* SwiftKeychainWrapper */ = {
			isa = XCSwiftPackageProductDependency;
			package = 8F3B460125B5AF54005982C1 /* XCRemoteSwiftPackageReference "SwiftKeychainWrapper" */;
			productName = SwiftKeychainWrapper;
		};
		8FB4774F25E105FB0037CD52 /* Kingfisher */ = {
			isa = XCSwiftPackageProductDependency;
			package = 8FB4774E25E105FB0037CD52 /* XCRemoteSwiftPackageReference "Kingfisher" */;
			productName = Kingfisher;
		};
		8FDE3BDF25B861EC00A7E8FB /* WaterfallGrid */ = {
			isa = XCSwiftPackageProductDependency;
			package = 8FDE3BDE25B861EC00A7E8FB /* XCRemoteSwiftPackageReference "WaterfallGrid" */;
			productName = WaterfallGrid;
		};
/* End XCSwiftPackageProductDependency section */

/* Begin XCVersionGroup section */
		8FBBDDA82547221E0054FCED /* Planti.xcdatamodeld */ = {
			isa = XCVersionGroup;
			children = (
				8FBBDDA92547221E0054FCED /* Planti.xcdatamodel */,
			);
			currentVersion = 8FBBDDA92547221E0054FCED /* Planti.xcdatamodel */;
			path = Planti.xcdatamodeld;
			sourceTree = "<group>";
			versionGroupType = wrapper.xcdatamodel;
		};
/* End XCVersionGroup section */
	};
	rootObject = 8FBBDD922547221A0054FCED /* Project object */;
}
